// !$*UTF8*$!
{
	archiveVersion = 1;
	classes = {
	};
	objectVersion = 56;
	objects = {

/* Begin PBXBuildFile section */
		BA8B3B2D28FEE3E60007ABD1 /* gotchaApp.swift in Sources */ = {isa = PBXBuildFile; fileRef = BA8B3B2C28FEE3E60007ABD1 /* gotchaApp.swift */; };
		BA8B3B3128FEE3E90007ABD1 /* Assets.xcassets in Resources */ = {isa = PBXBuildFile; fileRef = BA8B3B3028FEE3E90007ABD1 /* Assets.xcassets */; };
		BA8B3B3428FEE3E90007ABD1 /* Preview Assets.xcassets in Resources */ = {isa = PBXBuildFile; fileRef = BA8B3B3328FEE3E90007ABD1 /* Preview Assets.xcassets */; };
		BA8B3B3E28FEE3EA0007ABD1 /* gotchaTests.swift in Sources */ = {isa = PBXBuildFile; fileRef = BA8B3B3D28FEE3EA0007ABD1 /* gotchaTests.swift */; };
		BA8B3B4828FEE3EA0007ABD1 /* gotchaUITests.swift in Sources */ = {isa = PBXBuildFile; fileRef = BA8B3B4728FEE3EA0007ABD1 /* gotchaUITests.swift */; };
		BA8B3B4A28FEE3EA0007ABD1 /* gotchaUITestsLaunchTests.swift in Sources */ = {isa = PBXBuildFile; fileRef = BA8B3B4928FEE3EA0007ABD1 /* gotchaUITestsLaunchTests.swift */; };
		BA8B3B5A28FEF6780007ABD1 /* Bangers.ttf in Resources */ = {isa = PBXBuildFile; fileRef = BA8B3B5928FEF6780007ABD1 /* Bangers.ttf */; };
		BA8B3B5B28FEF6780007ABD1 /* Bangers.ttf in Resources */ = {isa = PBXBuildFile; fileRef = BA8B3B5928FEF6780007ABD1 /* Bangers.ttf */; };
		BA8B3B5C28FEF6780007ABD1 /* Bangers.ttf in Resources */ = {isa = PBXBuildFile; fileRef = BA8B3B5928FEF6780007ABD1 /* Bangers.ttf */; };
		BA8B3B5F28FEF85F0007ABD1 /* Color.swift in Sources */ = {isa = PBXBuildFile; fileRef = BA8B3B5E28FEF85F0007ABD1 /* Color.swift */; };
		BA8B3B6028FEF85F0007ABD1 /* Color.swift in Sources */ = {isa = PBXBuildFile; fileRef = BA8B3B5E28FEF85F0007ABD1 /* Color.swift */; };
		BA8B3B6128FEF85F0007ABD1 /* Color.swift in Sources */ = {isa = PBXBuildFile; fileRef = BA8B3B5E28FEF85F0007ABD1 /* Color.swift */; };
		BA8B3B6928FEFACA0007ABD1 /* TabView.swift in Sources */ = {isa = PBXBuildFile; fileRef = BA8B3B6828FEFACA0007ABD1 /* TabView.swift */; };
		BA8B3B6A28FEFACA0007ABD1 /* TabView.swift in Sources */ = {isa = PBXBuildFile; fileRef = BA8B3B6828FEFACA0007ABD1 /* TabView.swift */; };
		BA8B3B6B28FEFACA0007ABD1 /* TabView.swift in Sources */ = {isa = PBXBuildFile; fileRef = BA8B3B6828FEFACA0007ABD1 /* TabView.swift */; };
		BA8B3B6E28FEFAFA0007ABD1 /* SheetView.swift in Sources */ = {isa = PBXBuildFile; fileRef = BA8B3B6D28FEFAFA0007ABD1 /* SheetView.swift */; };
		BA8B3B6F28FEFAFA0007ABD1 /* SheetView.swift in Sources */ = {isa = PBXBuildFile; fileRef = BA8B3B6D28FEFAFA0007ABD1 /* SheetView.swift */; };
		BA8B3B7028FEFAFA0007ABD1 /* SheetView.swift in Sources */ = {isa = PBXBuildFile; fileRef = BA8B3B6D28FEFAFA0007ABD1 /* SheetView.swift */; };
		BA8B3B7228FEFCA00007ABD1 /* HomeView.swift in Sources */ = {isa = PBXBuildFile; fileRef = BA8B3B7128FEFCA00007ABD1 /* HomeView.swift */; };
		BA8B3B7328FEFCA00007ABD1 /* HomeView.swift in Sources */ = {isa = PBXBuildFile; fileRef = BA8B3B7128FEFCA00007ABD1 /* HomeView.swift */; };
		BA8B3B7428FEFCA00007ABD1 /* HomeView.swift in Sources */ = {isa = PBXBuildFile; fileRef = BA8B3B7128FEFCA00007ABD1 /* HomeView.swift */; };
		BA8B3B7728FEFCE20007ABD1 /* ProfileView.swift in Sources */ = {isa = PBXBuildFile; fileRef = BA8B3B7628FEFCE20007ABD1 /* ProfileView.swift */; };
		BA8B3B7828FEFCE20007ABD1 /* ProfileView.swift in Sources */ = {isa = PBXBuildFile; fileRef = BA8B3B7628FEFCE20007ABD1 /* ProfileView.swift */; };
		BA8B3B7928FEFCE20007ABD1 /* ProfileView.swift in Sources */ = {isa = PBXBuildFile; fileRef = BA8B3B7628FEFCE20007ABD1 /* ProfileView.swift */; };
		BA8B3B7C29002E780007ABD1 /* LaunchView.swift in Sources */ = {isa = PBXBuildFile; fileRef = BA8B3B7B29002E780007ABD1 /* LaunchView.swift */; };
		BA8B3B7D29002E780007ABD1 /* LaunchView.swift in Sources */ = {isa = PBXBuildFile; fileRef = BA8B3B7B29002E780007ABD1 /* LaunchView.swift */; };
		BA8B3B7E29002E780007ABD1 /* LaunchView.swift in Sources */ = {isa = PBXBuildFile; fileRef = BA8B3B7B29002E780007ABD1 /* LaunchView.swift */; };
		BA8B3B8129002F1C0007ABD1 /* LaunchImage.png in Resources */ = {isa = PBXBuildFile; fileRef = BA8B3B8029002F1C0007ABD1 /* LaunchImage.png */; };
		BA8B3B84290035B30007ABD1 /* FirebaseAuth in Frameworks */ = {isa = PBXBuildFile; productRef = BA8B3B83290035B30007ABD1 /* FirebaseAuth */; };
		BA8B3B87290036310007ABD1 /* GoogleSignIn in Frameworks */ = {isa = PBXBuildFile; productRef = BA8B3B86290036310007ABD1 /* GoogleSignIn */; };
		BA8B3B89290036310007ABD1 /* GoogleSignInSwift in Frameworks */ = {isa = PBXBuildFile; productRef = BA8B3B88290036310007ABD1 /* GoogleSignInSwift */; };
		BA8B3B8B290036880007ABD1 /* GoogleService-Info.plist in Resources */ = {isa = PBXBuildFile; fileRef = BA8B3B8A290036870007ABD1 /* GoogleService-Info.plist */; };
		BA8B3B8E29003A080007ABD1 /* AuthViewModel.swift in Sources */ = {isa = PBXBuildFile; fileRef = BA8B3B8D29003A080007ABD1 /* AuthViewModel.swift */; };
		BAD052D92900500900EEABFB /* GoogleSignInButton.swift in Sources */ = {isa = PBXBuildFile; fileRef = BAD052D82900500900EEABFB /* GoogleSignInButton.swift */; };
		BAD052DD2900515D00EEABFB /* google.png in Resources */ = {isa = PBXBuildFile; fileRef = BAD052DC2900515D00EEABFB /* google.png */; };
		BAD052E0290057A700EEABFB /* SwitchView.swift in Sources */ = {isa = PBXBuildFile; fileRef = BAD052DF290057A700EEABFB /* SwitchView.swift */; };
/* End PBXBuildFile section */

/* Begin PBXContainerItemProxy section */
		BA8B3B3A28FEE3EA0007ABD1 /* PBXContainerItemProxy */ = {
			isa = PBXContainerItemProxy;
			containerPortal = BA8B3B2128FEE3E60007ABD1 /* Project object */;
			proxyType = 1;
			remoteGlobalIDString = BA8B3B2828FEE3E60007ABD1;
			remoteInfo = gotcha;
		};
		BA8B3B4428FEE3EA0007ABD1 /* PBXContainerItemProxy */ = {
			isa = PBXContainerItemProxy;
			containerPortal = BA8B3B2128FEE3E60007ABD1 /* Project object */;
			proxyType = 1;
			remoteGlobalIDString = BA8B3B2828FEE3E60007ABD1;
			remoteInfo = gotcha;
		};
/* End PBXContainerItemProxy section */

/* Begin PBXFileReference section */
		BA8B3B2928FEE3E60007ABD1 /* gotcha.app */ = {isa = PBXFileReference; explicitFileType = wrapper.application; includeInIndex = 0; path = gotcha.app; sourceTree = BUILT_PRODUCTS_DIR; };
		BA8B3B2C28FEE3E60007ABD1 /* gotchaApp.swift */ = {isa = PBXFileReference; lastKnownFileType = sourcecode.swift; path = gotchaApp.swift; sourceTree = "<group>"; };
		BA8B3B3028FEE3E90007ABD1 /* Assets.xcassets */ = {isa = PBXFileReference; lastKnownFileType = folder.assetcatalog; path = Assets.xcassets; sourceTree = "<group>"; };
		BA8B3B3328FEE3E90007ABD1 /* Preview Assets.xcassets */ = {isa = PBXFileReference; lastKnownFileType = folder.assetcatalog; path = "Preview Assets.xcassets"; sourceTree = "<group>"; };
		BA8B3B3928FEE3EA0007ABD1 /* gotchaTests.xctest */ = {isa = PBXFileReference; explicitFileType = wrapper.cfbundle; includeInIndex = 0; path = gotchaTests.xctest; sourceTree = BUILT_PRODUCTS_DIR; };
		BA8B3B3D28FEE3EA0007ABD1 /* gotchaTests.swift */ = {isa = PBXFileReference; lastKnownFileType = sourcecode.swift; path = gotchaTests.swift; sourceTree = "<group>"; };
		BA8B3B4328FEE3EA0007ABD1 /* gotchaUITests.xctest */ = {isa = PBXFileReference; explicitFileType = wrapper.cfbundle; includeInIndex = 0; path = gotchaUITests.xctest; sourceTree = BUILT_PRODUCTS_DIR; };
		BA8B3B4728FEE3EA0007ABD1 /* gotchaUITests.swift */ = {isa = PBXFileReference; lastKnownFileType = sourcecode.swift; path = gotchaUITests.swift; sourceTree = "<group>"; };
		BA8B3B4928FEE3EA0007ABD1 /* gotchaUITestsLaunchTests.swift */ = {isa = PBXFileReference; lastKnownFileType = sourcecode.swift; path = gotchaUITestsLaunchTests.swift; sourceTree = "<group>"; };
		BA8B3B5828FEF5860007ABD1 /* Info.plist */ = {isa = PBXFileReference; lastKnownFileType = text.plist; path = Info.plist; sourceTree = "<group>"; };
		BA8B3B5928FEF6780007ABD1 /* Bangers.ttf */ = {isa = PBXFileReference; lastKnownFileType = file; path = Bangers.ttf; sourceTree = "<group>"; };
		BA8B3B5E28FEF85F0007ABD1 /* Color.swift */ = {isa = PBXFileReference; lastKnownFileType = sourcecode.swift; path = Color.swift; sourceTree = "<group>"; };
		BA8B3B6828FEFACA0007ABD1 /* TabView.swift */ = {isa = PBXFileReference; lastKnownFileType = sourcecode.swift; path = TabView.swift; sourceTree = "<group>"; };
		BA8B3B6D28FEFAFA0007ABD1 /* SheetView.swift */ = {isa = PBXFileReference; lastKnownFileType = sourcecode.swift; path = SheetView.swift; sourceTree = "<group>"; };
		BA8B3B7128FEFCA00007ABD1 /* HomeView.swift */ = {isa = PBXFileReference; lastKnownFileType = sourcecode.swift; path = HomeView.swift; sourceTree = "<group>"; };
		BA8B3B7628FEFCE20007ABD1 /* ProfileView.swift */ = {isa = PBXFileReference; lastKnownFileType = sourcecode.swift; path = ProfileView.swift; sourceTree = "<group>"; };
		BA8B3B7B29002E780007ABD1 /* LaunchView.swift */ = {isa = PBXFileReference; lastKnownFileType = sourcecode.swift; path = LaunchView.swift; sourceTree = "<group>"; };
		BA8B3B8029002F1C0007ABD1 /* LaunchImage.png */ = {isa = PBXFileReference; lastKnownFileType = image.png; path = LaunchImage.png; sourceTree = "<group>"; };
		BA8B3B8A290036870007ABD1 /* GoogleService-Info.plist */ = {isa = PBXFileReference; fileEncoding = 4; lastKnownFileType = text.plist.xml; path = "GoogleService-Info.plist"; sourceTree = "<group>"; };
		BA8B3B8D29003A080007ABD1 /* AuthViewModel.swift */ = {isa = PBXFileReference; lastKnownFileType = sourcecode.swift; path = AuthViewModel.swift; sourceTree = "<group>"; };
		BAD052D82900500900EEABFB /* GoogleSignInButton.swift */ = {isa = PBXFileReference; lastKnownFileType = sourcecode.swift; path = GoogleSignInButton.swift; sourceTree = "<group>"; };
		BAD052DC2900515D00EEABFB /* google.png */ = {isa = PBXFileReference; lastKnownFileType = image.png; path = google.png; sourceTree = "<group>"; };
		BAD052DF290057A700EEABFB /* SwitchView.swift */ = {isa = PBXFileReference; lastKnownFileType = sourcecode.swift; path = SwitchView.swift; sourceTree = "<group>"; };
/* End PBXFileReference section */

/* Begin PBXFrameworksBuildPhase section */
		BA8B3B2628FEE3E60007ABD1 /* Frameworks */ = {
			isa = PBXFrameworksBuildPhase;
			buildActionMask = 2147483647;
			files = (
				BA8B3B89290036310007ABD1 /* GoogleSignInSwift in Frameworks */,
				BA8B3B84290035B30007ABD1 /* FirebaseAuth in Frameworks */,
				BA8B3B87290036310007ABD1 /* GoogleSignIn in Frameworks */,
			);
			runOnlyForDeploymentPostprocessing = 0;
		};
		BA8B3B3628FEE3EA0007ABD1 /* Frameworks */ = {
			isa = PBXFrameworksBuildPhase;
			buildActionMask = 2147483647;
			files = (
			);
			runOnlyForDeploymentPostprocessing = 0;
		};
		BA8B3B4028FEE3EA0007ABD1 /* Frameworks */ = {
			isa = PBXFrameworksBuildPhase;
			buildActionMask = 2147483647;
			files = (
			);
			runOnlyForDeploymentPostprocessing = 0;
		};
/* End PBXFrameworksBuildPhase section */

/* Begin PBXGroup section */
		BA8B3B2028FEE3E60007ABD1 = {
			isa = PBXGroup;
			children = (
				BA8B3B2B28FEE3E60007ABD1 /* gotcha */,
				BA8B3B3C28FEE3EA0007ABD1 /* gotchaTests */,
				BA8B3B4628FEE3EA0007ABD1 /* gotchaUITests */,
				BA8B3B2A28FEE3E60007ABD1 /* Products */,
			);
			sourceTree = "<group>";
		};
		BA8B3B2A28FEE3E60007ABD1 /* Products */ = {
			isa = PBXGroup;
			children = (
				BA8B3B2928FEE3E60007ABD1 /* gotcha.app */,
				BA8B3B3928FEE3EA0007ABD1 /* gotchaTests.xctest */,
				BA8B3B4328FEE3EA0007ABD1 /* gotchaUITests.xctest */,
			);
			name = Products;
			sourceTree = "<group>";
		};
		BA8B3B2B28FEE3E60007ABD1 /* gotcha */ = {
			isa = PBXGroup;
			children = (
				BAD052D329004E5A00EEABFB /* Components */,
				BA8B3B8A290036870007ABD1 /* GoogleService-Info.plist */,
				BA8B3B7F29002F080007ABD1 /* Resources */,
				BA8B3B6428FEFA690007ABD1 /* Model */,
				BA8B3B6328FEFA5F0007ABD1 /* Util */,
				BA8B3B6228FEFA540007ABD1 /* Core */,
				BA8B3B5D28FEF8510007ABD1 /* Extension */,
				BA8B3B5828FEF5860007ABD1 /* Info.plist */,
				BA8B3B5628FEF48F0007ABD1 /* Font */,
				BA8B3B2C28FEE3E60007ABD1 /* gotchaApp.swift */,
				BA8B3B3028FEE3E90007ABD1 /* Assets.xcassets */,
				BA8B3B3228FEE3E90007ABD1 /* Preview Content */,
			);
			path = gotcha;
			sourceTree = "<group>";
		};
		BA8B3B3228FEE3E90007ABD1 /* Preview Content */ = {
			isa = PBXGroup;
			children = (
				BA8B3B3328FEE3E90007ABD1 /* Preview Assets.xcassets */,
			);
			path = "Preview Content";
			sourceTree = "<group>";
		};
		BA8B3B3C28FEE3EA0007ABD1 /* gotchaTests */ = {
			isa = PBXGroup;
			children = (
				BA8B3B3D28FEE3EA0007ABD1 /* gotchaTests.swift */,
			);
			path = gotchaTests;
			sourceTree = "<group>";
		};
		BA8B3B4628FEE3EA0007ABD1 /* gotchaUITests */ = {
			isa = PBXGroup;
			children = (
				BA8B3B4728FEE3EA0007ABD1 /* gotchaUITests.swift */,
				BA8B3B4928FEE3EA0007ABD1 /* gotchaUITestsLaunchTests.swift */,
			);
			path = gotchaUITests;
			sourceTree = "<group>";
		};
		BA8B3B5628FEF48F0007ABD1 /* Font */ = {
			isa = PBXGroup;
			children = (
				BA8B3B5928FEF6780007ABD1 /* Bangers.ttf */,
			);
			path = Font;
			sourceTree = "<group>";
		};
		BA8B3B5D28FEF8510007ABD1 /* Extension */ = {
			isa = PBXGroup;
			children = (
				BA8B3B5E28FEF85F0007ABD1 /* Color.swift */,
			);
			path = Extension;
			sourceTree = "<group>";
		};
		BA8B3B6228FEFA540007ABD1 /* Core */ = {
			isa = PBXGroup;
			children = (
				BA8B3B7A29002E5F0007ABD1 /* Launch */,
				BA8B3B7528FEFCD20007ABD1 /* Profile */,
				BA8B3B6C28FEFAE80007ABD1 /* Sheet */,
				BA8B3B6628FEFAAC0007ABD1 /* Home */,
				BA8B3B6528FEFAA80007ABD1 /* Tab */,
				BAD052DF290057A700EEABFB /* SwitchView.swift */,
				BA8B3B8D29003A080007ABD1 /* AuthViewModel.swift */,
			);
			path = Core;
			sourceTree = "<group>";
		};
		BA8B3B6328FEFA5F0007ABD1 /* Util */ = {
			isa = PBXGroup;
			children = (
			);
			path = Util;
			sourceTree = "<group>";
		};
		BA8B3B6428FEFA690007ABD1 /* Model */ = {
			isa = PBXGroup;
			children = (
			);
			path = Model;
			sourceTree = "<group>";
		};
		BA8B3B6528FEFAA80007ABD1 /* Tab */ = {
			isa = PBXGroup;
			children = (
				BA8B3B6828FEFACA0007ABD1 /* TabView.swift */,
			);
			path = Tab;
			sourceTree = "<group>";
		};
		BA8B3B6628FEFAAC0007ABD1 /* Home */ = {
			isa = PBXGroup;
			children = (
				BA8B3B7128FEFCA00007ABD1 /* HomeView.swift */,
			);
			path = Home;
			sourceTree = "<group>";
		};
		BA8B3B6C28FEFAE80007ABD1 /* Sheet */ = {
			isa = PBXGroup;
			children = (
				BA8B3B6D28FEFAFA0007ABD1 /* SheetView.swift */,
			);
			path = Sheet;
			sourceTree = "<group>";
		};
		BA8B3B7528FEFCD20007ABD1 /* Profile */ = {
			isa = PBXGroup;
			children = (
				BA8B3B7628FEFCE20007ABD1 /* ProfileView.swift */,
			);
			path = Profile;
			sourceTree = "<group>";
		};
		BA8B3B7A29002E5F0007ABD1 /* Launch */ = {
			isa = PBXGroup;
			children = (
				BA8B3B7B29002E780007ABD1 /* LaunchView.swift */,
			);
			path = Launch;
			sourceTree = "<group>";
		};
		BA8B3B7F29002F080007ABD1 /* Resources */ = {
			isa = PBXGroup;
			children = (
				BAD052DC2900515D00EEABFB /* google.png */,
				BA8B3B8029002F1C0007ABD1 /* LaunchImage.png */,
			);
			path = Resources;
			sourceTree = "<group>";
		};
		BAD052D329004E5A00EEABFB /* Components */ = {
			isa = PBXGroup;
			children = (
				BAD052D82900500900EEABFB /* GoogleSignInButton.swift */,
			);
			path = Components;
			sourceTree = "<group>";
		};
/* End PBXGroup section */

/* Begin PBXNativeTarget section */
		BA8B3B2828FEE3E60007ABD1 /* gotcha */ = {
			isa = PBXNativeTarget;
			buildConfigurationList = BA8B3B4D28FEE3EA0007ABD1 /* Build configuration list for PBXNativeTarget "gotcha" */;
			buildPhases = (
				BA8B3B2528FEE3E60007ABD1 /* Sources */,
				BA8B3B2628FEE3E60007ABD1 /* Frameworks */,
				BA8B3B2728FEE3E60007ABD1 /* Resources */,
			);
			buildRules = (
			);
			dependencies = (
			);
			name = gotcha;
			packageProductDependencies = (
				BA8B3B83290035B30007ABD1 /* FirebaseAuth */,
				BA8B3B86290036310007ABD1 /* GoogleSignIn */,
				BA8B3B88290036310007ABD1 /* GoogleSignInSwift */,
			);
			productName = gotcha;
			productReference = BA8B3B2928FEE3E60007ABD1 /* gotcha.app */;
			productType = "com.apple.product-type.application";
		};
		BA8B3B3828FEE3EA0007ABD1 /* gotchaTests */ = {
			isa = PBXNativeTarget;
			buildConfigurationList = BA8B3B5028FEE3EA0007ABD1 /* Build configuration list for PBXNativeTarget "gotchaTests" */;
			buildPhases = (
				BA8B3B3528FEE3EA0007ABD1 /* Sources */,
				BA8B3B3628FEE3EA0007ABD1 /* Frameworks */,
				BA8B3B3728FEE3EA0007ABD1 /* Resources */,
			);
			buildRules = (
			);
			dependencies = (
				BA8B3B3B28FEE3EA0007ABD1 /* PBXTargetDependency */,
			);
			name = gotchaTests;
			productName = gotchaTests;
			productReference = BA8B3B3928FEE3EA0007ABD1 /* gotchaTests.xctest */;
			productType = "com.apple.product-type.bundle.unit-test";
		};
		BA8B3B4228FEE3EA0007ABD1 /* gotchaUITests */ = {
			isa = PBXNativeTarget;
			buildConfigurationList = BA8B3B5328FEE3EA0007ABD1 /* Build configuration list for PBXNativeTarget "gotchaUITests" */;
			buildPhases = (
				BA8B3B3F28FEE3EA0007ABD1 /* Sources */,
				BA8B3B4028FEE3EA0007ABD1 /* Frameworks */,
				BA8B3B4128FEE3EA0007ABD1 /* Resources */,
			);
			buildRules = (
			);
			dependencies = (
				BA8B3B4528FEE3EA0007ABD1 /* PBXTargetDependency */,
			);
			name = gotchaUITests;
			productName = gotchaUITests;
			productReference = BA8B3B4328FEE3EA0007ABD1 /* gotchaUITests.xctest */;
			productType = "com.apple.product-type.bundle.ui-testing";
		};
/* End PBXNativeTarget section */

/* Begin PBXProject section */
		BA8B3B2128FEE3E60007ABD1 /* Project object */ = {
			isa = PBXProject;
			attributes = {
				BuildIndependentTargetsInParallel = 1;
				LastSwiftUpdateCheck = 1400;
				LastUpgradeCheck = 1400;
				TargetAttributes = {
					BA8B3B2828FEE3E60007ABD1 = {
						CreatedOnToolsVersion = 14.0.1;
					};
					BA8B3B3828FEE3EA0007ABD1 = {
						CreatedOnToolsVersion = 14.0.1;
						TestTargetID = BA8B3B2828FEE3E60007ABD1;
					};
					BA8B3B4228FEE3EA0007ABD1 = {
						CreatedOnToolsVersion = 14.0.1;
						TestTargetID = BA8B3B2828FEE3E60007ABD1;
					};
				};
			};
			buildConfigurationList = BA8B3B2428FEE3E60007ABD1 /* Build configuration list for PBXProject "gotcha" */;
			compatibilityVersion = "Xcode 14.0";
			developmentRegion = en;
			hasScannedForEncodings = 0;
			knownRegions = (
				en,
				Base,
			);
			mainGroup = BA8B3B2028FEE3E60007ABD1;
			packageReferences = (
				BA8B3B82290035B30007ABD1 /* XCRemoteSwiftPackageReference "firebase-ios-sdk" */,
				BA8B3B85290036300007ABD1 /* XCRemoteSwiftPackageReference "GoogleSignIn-iOS" */,
			);
			productRefGroup = BA8B3B2A28FEE3E60007ABD1 /* Products */;
			projectDirPath = "";
			projectRoot = "";
			targets = (
				BA8B3B2828FEE3E60007ABD1 /* gotcha */,
				BA8B3B3828FEE3EA0007ABD1 /* gotchaTests */,
				BA8B3B4228FEE3EA0007ABD1 /* gotchaUITests */,
			);
		};
/* End PBXProject section */

/* Begin PBXResourcesBuildPhase section */
		BA8B3B2728FEE3E60007ABD1 /* Resources */ = {
			isa = PBXResourcesBuildPhase;
			buildActionMask = 2147483647;
			files = (
				BA8B3B3428FEE3E90007ABD1 /* Preview Assets.xcassets in Resources */,
				BA8B3B5A28FEF6780007ABD1 /* Bangers.ttf in Resources */,
				BA8B3B8B290036880007ABD1 /* GoogleService-Info.plist in Resources */,
				BA8B3B3128FEE3E90007ABD1 /* Assets.xcassets in Resources */,
				BAD052DD2900515D00EEABFB /* google.png in Resources */,
				BA8B3B8129002F1C0007ABD1 /* LaunchImage.png in Resources */,
			);
			runOnlyForDeploymentPostprocessing = 0;
		};
		BA8B3B3728FEE3EA0007ABD1 /* Resources */ = {
			isa = PBXResourcesBuildPhase;
			buildActionMask = 2147483647;
			files = (
				BA8B3B5B28FEF6780007ABD1 /* Bangers.ttf in Resources */,
			);
			runOnlyForDeploymentPostprocessing = 0;
		};
		BA8B3B4128FEE3EA0007ABD1 /* Resources */ = {
			isa = PBXResourcesBuildPhase;
			buildActionMask = 2147483647;
			files = (
				BA8B3B5C28FEF6780007ABD1 /* Bangers.ttf in Resources */,
			);
			runOnlyForDeploymentPostprocessing = 0;
		};
/* End PBXResourcesBuildPhase section */

/* Begin PBXSourcesBuildPhase section */
		BA8B3B2528FEE3E60007ABD1 /* Sources */ = {
			isa = PBXSourcesBuildPhase;
			buildActionMask = 2147483647;
			files = (
				BA8B3B2D28FEE3E60007ABD1 /* gotchaApp.swift in Sources */,
				BA8B3B6E28FEFAFA0007ABD1 /* SheetView.swift in Sources */,
				BAD052D92900500900EEABFB /* GoogleSignInButton.swift in Sources */,
				BA8B3B7228FEFCA00007ABD1 /* HomeView.swift in Sources */,
				BA8B3B7C29002E780007ABD1 /* LaunchView.swift in Sources */,
				BA8B3B8E29003A080007ABD1 /* AuthViewModel.swift in Sources */,
				BA8B3B6928FEFACA0007ABD1 /* TabView.swift in Sources */,
				BA8B3B7728FEFCE20007ABD1 /* ProfileView.swift in Sources */,
				BAD052E0290057A700EEABFB /* SwitchView.swift in Sources */,
				BA8B3B5F28FEF85F0007ABD1 /* Color.swift in Sources */,
			);
			runOnlyForDeploymentPostprocessing = 0;
		};
		BA8B3B3528FEE3EA0007ABD1 /* Sources */ = {
			isa = PBXSourcesBuildPhase;
			buildActionMask = 2147483647;
			files = (
				BA8B3B3E28FEE3EA0007ABD1 /* gotchaTests.swift in Sources */,
				BA8B3B6A28FEFACA0007ABD1 /* TabView.swift in Sources */,
				BA8B3B6F28FEFAFA0007ABD1 /* SheetView.swift in Sources */,
				BA8B3B7D29002E780007ABD1 /* LaunchView.swift in Sources */,
				BA8B3B7328FEFCA00007ABD1 /* HomeView.swift in Sources */,
				BA8B3B7828FEFCE20007ABD1 /* ProfileView.swift in Sources */,
				BA8B3B6028FEF85F0007ABD1 /* Color.swift in Sources */,
			);
			runOnlyForDeploymentPostprocessing = 0;
		};
		BA8B3B3F28FEE3EA0007ABD1 /* Sources */ = {
			isa = PBXSourcesBuildPhase;
			buildActionMask = 2147483647;
			files = (
				BA8B3B4A28FEE3EA0007ABD1 /* gotchaUITestsLaunchTests.swift in Sources */,
				BA8B3B7E29002E780007ABD1 /* LaunchView.swift in Sources */,
				BA8B3B4828FEE3EA0007ABD1 /* gotchaUITests.swift in Sources */,
				BA8B3B7028FEFAFA0007ABD1 /* SheetView.swift in Sources */,
				BA8B3B7428FEFCA00007ABD1 /* HomeView.swift in Sources */,
				BA8B3B6B28FEFACA0007ABD1 /* TabView.swift in Sources */,
				BA8B3B7928FEFCE20007ABD1 /* ProfileView.swift in Sources */,
				BA8B3B6128FEF85F0007ABD1 /* Color.swift in Sources */,
			);
			runOnlyForDeploymentPostprocessing = 0;
		};
/* End PBXSourcesBuildPhase section */

/* Begin PBXTargetDependency section */
		BA8B3B3B28FEE3EA0007ABD1 /* PBXTargetDependency */ = {
			isa = PBXTargetDependency;
			target = BA8B3B2828FEE3E60007ABD1 /* gotcha */;
			targetProxy = BA8B3B3A28FEE3EA0007ABD1 /* PBXContainerItemProxy */;
		};
		BA8B3B4528FEE3EA0007ABD1 /* PBXTargetDependency */ = {
			isa = PBXTargetDependency;
			target = BA8B3B2828FEE3E60007ABD1 /* gotcha */;
			targetProxy = BA8B3B4428FEE3EA0007ABD1 /* PBXContainerItemProxy */;
		};
/* End PBXTargetDependency section */

/* Begin XCBuildConfiguration section */
		BA8B3B4B28FEE3EA0007ABD1 /* Debug */ = {
			isa = XCBuildConfiguration;
			buildSettings = {
				ALWAYS_SEARCH_USER_PATHS = NO;
				CLANG_ANALYZER_NONNULL = YES;
				CLANG_ANALYZER_NUMBER_OBJECT_CONVERSION = YES_AGGRESSIVE;
				CLANG_CXX_LANGUAGE_STANDARD = "gnu++20";
				CLANG_ENABLE_MODULES = YES;
				CLANG_ENABLE_OBJC_ARC = YES;
				CLANG_ENABLE_OBJC_WEAK = YES;
				CLANG_WARN_BLOCK_CAPTURE_AUTORELEASING = YES;
				CLANG_WARN_BOOL_CONVERSION = YES;
				CLANG_WARN_COMMA = YES;
				CLANG_WARN_CONSTANT_CONVERSION = YES;
				CLANG_WARN_DEPRECATED_OBJC_IMPLEMENTATIONS = YES;
				CLANG_WARN_DIRECT_OBJC_ISA_USAGE = YES_ERROR;
				CLANG_WARN_DOCUMENTATION_COMMENTS = YES;
				CLANG_WARN_EMPTY_BODY = YES;
				CLANG_WARN_ENUM_CONVERSION = YES;
				CLANG_WARN_INFINITE_RECURSION = YES;
				CLANG_WARN_INT_CONVERSION = YES;
				CLANG_WARN_NON_LITERAL_NULL_CONVERSION = YES;
				CLANG_WARN_OBJC_IMPLICIT_RETAIN_SELF = YES;
				CLANG_WARN_OBJC_LITERAL_CONVERSION = YES;
				CLANG_WARN_OBJC_ROOT_CLASS = YES_ERROR;
				CLANG_WARN_QUOTED_INCLUDE_IN_FRAMEWORK_HEADER = YES;
				CLANG_WARN_RANGE_LOOP_ANALYSIS = YES;
				CLANG_WARN_STRICT_PROTOTYPES = YES;
				CLANG_WARN_SUSPICIOUS_MOVE = YES;
				CLANG_WARN_UNGUARDED_AVAILABILITY = YES_AGGRESSIVE;
				CLANG_WARN_UNREACHABLE_CODE = YES;
				CLANG_WARN__DUPLICATE_METHOD_MATCH = YES;
				COPY_PHASE_STRIP = NO;
				DEBUG_INFORMATION_FORMAT = dwarf;
				ENABLE_STRICT_OBJC_MSGSEND = YES;
				ENABLE_TESTABILITY = YES;
				GCC_C_LANGUAGE_STANDARD = gnu11;
				GCC_DYNAMIC_NO_PIC = NO;
				GCC_NO_COMMON_BLOCKS = YES;
				GCC_OPTIMIZATION_LEVEL = 0;
				GCC_PREPROCESSOR_DEFINITIONS = (
					"DEBUG=1",
					"$(inherited)",
				);
				GCC_WARN_64_TO_32_BIT_CONVERSION = YES;
				GCC_WARN_ABOUT_RETURN_TYPE = YES_ERROR;
				GCC_WARN_UNDECLARED_SELECTOR = YES;
				GCC_WARN_UNINITIALIZED_AUTOS = YES_AGGRESSIVE;
				GCC_WARN_UNUSED_FUNCTION = YES;
				GCC_WARN_UNUSED_VARIABLE = YES;
				IPHONEOS_DEPLOYMENT_TARGET = 16.0;
				MTL_ENABLE_DEBUG_INFO = INCLUDE_SOURCE;
				MTL_FAST_MATH = YES;
				ONLY_ACTIVE_ARCH = YES;
				SDKROOT = iphoneos;
				SWIFT_ACTIVE_COMPILATION_CONDITIONS = DEBUG;
				SWIFT_OPTIMIZATION_LEVEL = "-Onone";
			};
			name = Debug;
		};
		BA8B3B4C28FEE3EA0007ABD1 /* Release */ = {
			isa = XCBuildConfiguration;
			buildSettings = {
				ALWAYS_SEARCH_USER_PATHS = NO;
				CLANG_ANALYZER_NONNULL = YES;
				CLANG_ANALYZER_NUMBER_OBJECT_CONVERSION = YES_AGGRESSIVE;
				CLANG_CXX_LANGUAGE_STANDARD = "gnu++20";
				CLANG_ENABLE_MODULES = YES;
				CLANG_ENABLE_OBJC_ARC = YES;
				CLANG_ENABLE_OBJC_WEAK = YES;
				CLANG_WARN_BLOCK_CAPTURE_AUTORELEASING = YES;
				CLANG_WARN_BOOL_CONVERSION = YES;
				CLANG_WARN_COMMA = YES;
				CLANG_WARN_CONSTANT_CONVERSION = YES;
				CLANG_WARN_DEPRECATED_OBJC_IMPLEMENTATIONS = YES;
				CLANG_WARN_DIRECT_OBJC_ISA_USAGE = YES_ERROR;
				CLANG_WARN_DOCUMENTATION_COMMENTS = YES;
				CLANG_WARN_EMPTY_BODY = YES;
				CLANG_WARN_ENUM_CONVERSION = YES;
				CLANG_WARN_INFINITE_RECURSION = YES;
				CLANG_WARN_INT_CONVERSION = YES;
				CLANG_WARN_NON_LITERAL_NULL_CONVERSION = YES;
				CLANG_WARN_OBJC_IMPLICIT_RETAIN_SELF = YES;
				CLANG_WARN_OBJC_LITERAL_CONVERSION = YES;
				CLANG_WARN_OBJC_ROOT_CLASS = YES_ERROR;
				CLANG_WARN_QUOTED_INCLUDE_IN_FRAMEWORK_HEADER = YES;
				CLANG_WARN_RANGE_LOOP_ANALYSIS = YES;
				CLANG_WARN_STRICT_PROTOTYPES = YES;
				CLANG_WARN_SUSPICIOUS_MOVE = YES;
				CLANG_WARN_UNGUARDED_AVAILABILITY = YES_AGGRESSIVE;
				CLANG_WARN_UNREACHABLE_CODE = YES;
				CLANG_WARN__DUPLICATE_METHOD_MATCH = YES;
				COPY_PHASE_STRIP = NO;
				DEBUG_INFORMATION_FORMAT = "dwarf-with-dsym";
				ENABLE_NS_ASSERTIONS = NO;
				ENABLE_STRICT_OBJC_MSGSEND = YES;
				GCC_C_LANGUAGE_STANDARD = gnu11;
				GCC_NO_COMMON_BLOCKS = YES;
				GCC_WARN_64_TO_32_BIT_CONVERSION = YES;
				GCC_WARN_ABOUT_RETURN_TYPE = YES_ERROR;
				GCC_WARN_UNDECLARED_SELECTOR = YES;
				GCC_WARN_UNINITIALIZED_AUTOS = YES_AGGRESSIVE;
				GCC_WARN_UNUSED_FUNCTION = YES;
				GCC_WARN_UNUSED_VARIABLE = YES;
				IPHONEOS_DEPLOYMENT_TARGET = 16.0;
				MTL_ENABLE_DEBUG_INFO = NO;
				MTL_FAST_MATH = YES;
				SDKROOT = iphoneos;
				SWIFT_COMPILATION_MODE = wholemodule;
				SWIFT_OPTIMIZATION_LEVEL = "-O";
				VALIDATE_PRODUCT = YES;
			};
			name = Release;
		};
		BA8B3B4E28FEE3EA0007ABD1 /* Debug */ = {
			isa = XCBuildConfiguration;
			buildSettings = {
				ASSETCATALOG_COMPILER_APPICON_NAME = AppIcon;
				ASSETCATALOG_COMPILER_GLOBAL_ACCENT_COLOR_NAME = AccentColor;
				CODE_SIGN_STYLE = Automatic;
				CURRENT_PROJECT_VERSION = 1;
				DEVELOPMENT_ASSET_PATHS = "\"gotcha/Preview Content\"";
				DEVELOPMENT_TEAM = GJZU5NTF98;
				ENABLE_PREVIEWS = YES;
				GENERATE_INFOPLIST_FILE = YES;
				INFOPLIST_FILE = gotcha/Info.plist;
				INFOPLIST_KEY_UIApplicationSceneManifest_Generation = YES;
				INFOPLIST_KEY_UIApplicationSupportsIndirectInputEvents = YES;
				INFOPLIST_KEY_UILaunchScreen_Generation = YES;
				INFOPLIST_KEY_UISupportedInterfaceOrientations_iPad = "UIInterfaceOrientationPortrait UIInterfaceOrientationPortraitUpsideDown UIInterfaceOrientationLandscapeLeft UIInterfaceOrientationLandscapeRight";
				INFOPLIST_KEY_UISupportedInterfaceOrientations_iPhone = "UIInterfaceOrientationPortrait UIInterfaceOrientationLandscapeLeft UIInterfaceOrientationLandscapeRight";
				LD_RUNPATH_SEARCH_PATHS = (
					"$(inherited)",
					"@executable_path/Frameworks",
				);
				MARKETING_VERSION = 1.0;
				PRODUCT_BUNDLE_IDENTIFIER = coco.gotcha;
				PRODUCT_NAME = "$(TARGET_NAME)";
				SWIFT_EMIT_LOC_STRINGS = YES;
				SWIFT_VERSION = 5.0;
				TARGETED_DEVICE_FAMILY = "1,2";
			};
			name = Debug;
		};
		BA8B3B4F28FEE3EA0007ABD1 /* Release */ = {
			isa = XCBuildConfiguration;
			buildSettings = {
				ASSETCATALOG_COMPILER_APPICON_NAME = AppIcon;
				ASSETCATALOG_COMPILER_GLOBAL_ACCENT_COLOR_NAME = AccentColor;
				CODE_SIGN_STYLE = Automatic;
				CURRENT_PROJECT_VERSION = 1;
				DEVELOPMENT_ASSET_PATHS = "\"gotcha/Preview Content\"";
				DEVELOPMENT_TEAM = GJZU5NTF98;
				ENABLE_PREVIEWS = YES;
				GENERATE_INFOPLIST_FILE = YES;
				INFOPLIST_FILE = gotcha/Info.plist;
				INFOPLIST_KEY_UIApplicationSceneManifest_Generation = YES;
				INFOPLIST_KEY_UIApplicationSupportsIndirectInputEvents = YES;
				INFOPLIST_KEY_UILaunchScreen_Generation = YES;
				INFOPLIST_KEY_UISupportedInterfaceOrientations_iPad = "UIInterfaceOrientationPortrait UIInterfaceOrientationPortraitUpsideDown UIInterfaceOrientationLandscapeLeft UIInterfaceOrientationLandscapeRight";
				INFOPLIST_KEY_UISupportedInterfaceOrientations_iPhone = "UIInterfaceOrientationPortrait UIInterfaceOrientationLandscapeLeft UIInterfaceOrientationLandscapeRight";
				LD_RUNPATH_SEARCH_PATHS = (
					"$(inherited)",
					"@executable_path/Frameworks",
				);
				MARKETING_VERSION = 1.0;
				PRODUCT_BUNDLE_IDENTIFIER = coco.gotcha;
				PRODUCT_NAME = "$(TARGET_NAME)";
				SWIFT_EMIT_LOC_STRINGS = YES;
				SWIFT_VERSION = 5.0;
				TARGETED_DEVICE_FAMILY = "1,2";
			};
			name = Release;
		};
		BA8B3B5128FEE3EA0007ABD1 /* Debug */ = {
			isa = XCBuildConfiguration;
			buildSettings = {
				ALWAYS_EMBED_SWIFT_STANDARD_LIBRARIES = YES;
				BUNDLE_LOADER = "$(TEST_HOST)";
				CODE_SIGN_STYLE = Automatic;
				CURRENT_PROJECT_VERSION = 1;
				DEVELOPMENT_TEAM = GJZU5NTF98;
				GENERATE_INFOPLIST_FILE = YES;
				IPHONEOS_DEPLOYMENT_TARGET = 16.0;
				MARKETING_VERSION = 1.0;
				PRODUCT_BUNDLE_IDENTIFIER = coco.gotchaTests;
				PRODUCT_NAME = "$(TARGET_NAME)";
				SWIFT_EMIT_LOC_STRINGS = NO;
				SWIFT_VERSION = 5.0;
				TARGETED_DEVICE_FAMILY = "1,2";
				TEST_HOST = "$(BUILT_PRODUCTS_DIR)/gotcha.app/$(BUNDLE_EXECUTABLE_FOLDER_PATH)/gotcha";
			};
			name = Debug;
		};
		BA8B3B5228FEE3EA0007ABD1 /* Release */ = {
			isa = XCBuildConfiguration;
			buildSettings = {
				ALWAYS_EMBED_SWIFT_STANDARD_LIBRARIES = YES;
				BUNDLE_LOADER = "$(TEST_HOST)";
				CODE_SIGN_STYLE = Automatic;
				CURRENT_PROJECT_VERSION = 1;
				DEVELOPMENT_TEAM = GJZU5NTF98;
				GENERATE_INFOPLIST_FILE = YES;
				IPHONEOS_DEPLOYMENT_TARGET = 16.0;
				MARKETING_VERSION = 1.0;
				PRODUCT_BUNDLE_IDENTIFIER = coco.gotchaTests;
				PRODUCT_NAME = "$(TARGET_NAME)";
				SWIFT_EMIT_LOC_STRINGS = NO;
				SWIFT_VERSION = 5.0;
				TARGETED_DEVICE_FAMILY = "1,2";
				TEST_HOST = "$(BUILT_PRODUCTS_DIR)/gotcha.app/$(BUNDLE_EXECUTABLE_FOLDER_PATH)/gotcha";
			};
			name = Release;
		};
		BA8B3B5428FEE3EA0007ABD1 /* Debug */ = {
			isa = XCBuildConfiguration;
			buildSettings = {
				ALWAYS_EMBED_SWIFT_STANDARD_LIBRARIES = YES;
				CODE_SIGN_STYLE = Automatic;
				CURRENT_PROJECT_VERSION = 1;
				DEVELOPMENT_TEAM = GJZU5NTF98;
				GENERATE_INFOPLIST_FILE = YES;
				MARKETING_VERSION = 1.0;
				PRODUCT_BUNDLE_IDENTIFIER = coco.gotchaUITests;
				PRODUCT_NAME = "$(TARGET_NAME)";
				SWIFT_EMIT_LOC_STRINGS = NO;
				SWIFT_VERSION = 5.0;
				TARGETED_DEVICE_FAMILY = "1,2";
				TEST_TARGET_NAME = gotcha;
			};
			name = Debug;
		};
		BA8B3B5528FEE3EA0007ABD1 /* Release */ = {
			isa = XCBuildConfiguration;
			buildSettings = {
				ALWAYS_EMBED_SWIFT_STANDARD_LIBRARIES = YES;
				CODE_SIGN_STYLE = Automatic;
				CURRENT_PROJECT_VERSION = 1;
				DEVELOPMENT_TEAM = GJZU5NTF98;
				GENERATE_INFOPLIST_FILE = YES;
				MARKETING_VERSION = 1.0;
				PRODUCT_BUNDLE_IDENTIFIER = coco.gotchaUITests;
				PRODUCT_NAME = "$(TARGET_NAME)";
				SWIFT_EMIT_LOC_STRINGS = NO;
				SWIFT_VERSION = 5.0;
				TARGETED_DEVICE_FAMILY = "1,2";
				TEST_TARGET_NAME = gotcha;
			};
			name = Release;
		};
/* End XCBuildConfiguration section */

/* Begin XCConfigurationList section */
		BA8B3B2428FEE3E60007ABD1 /* Build configuration list for PBXProject "gotcha" */ = {
			isa = XCConfigurationList;
			buildConfigurations = (
				BA8B3B4B28FEE3EA0007ABD1 /* Debug */,
				BA8B3B4C28FEE3EA0007ABD1 /* Release */,
			);
			defaultConfigurationIsVisible = 0;
			defaultConfigurationName = Release;
		};
		BA8B3B4D28FEE3EA0007ABD1 /* Build configuration list for PBXNativeTarget "gotcha" */ = {
			isa = XCConfigurationList;
			buildConfigurations = (
				BA8B3B4E28FEE3EA0007ABD1 /* Debug */,
				BA8B3B4F28FEE3EA0007ABD1 /* Release */,
			);
			defaultConfigurationIsVisible = 0;
			defaultConfigurationName = Release;
		};
		BA8B3B5028FEE3EA0007ABD1 /* Build configuration list for PBXNativeTarget "gotchaTests" */ = {
			isa = XCConfigurationList;
			buildConfigurations = (
				BA8B3B5128FEE3EA0007ABD1 /* Debug */,
				BA8B3B5228FEE3EA0007ABD1 /* Release */,
			);
			defaultConfigurationIsVisible = 0;
			defaultConfigurationName = Release;
		};
		BA8B3B5328FEE3EA0007ABD1 /* Build configuration list for PBXNativeTarget "gotchaUITests" */ = {
			isa = XCConfigurationList;
			buildConfigurations = (
				BA8B3B5428FEE3EA0007ABD1 /* Debug */,
				BA8B3B5528FEE3EA0007ABD1 /* Release */,
			);
			defaultConfigurationIsVisible = 0;
			defaultConfigurationName = Release;
		};
/* End XCConfigurationList section */

/* Begin XCRemoteSwiftPackageReference section */
		BA8B3B82290035B30007ABD1 /* XCRemoteSwiftPackageReference "firebase-ios-sdk" */ = {
			isa = XCRemoteSwiftPackageReference;
			repositoryURL = "https://github.com/firebase/firebase-ios-sdk";
			requirement = {
				kind = upToNextMajorVersion;
				minimumVersion = 9.0.0;
			};
		};
		BA8B3B85290036300007ABD1 /* XCRemoteSwiftPackageReference "GoogleSignIn-iOS" */ = {
			isa = XCRemoteSwiftPackageReference;
			repositoryURL = "https://github.com/google/GoogleSignIn-iOS";
			requirement = {
				kind = upToNextMajorVersion;
				minimumVersion = 6.0.0;
			};
		};
/* End XCRemoteSwiftPackageReference section */

/* Begin XCSwiftPackageProductDependency section */
		BA8B3B83290035B30007ABD1 /* FirebaseAuth */ = {
			isa = XCSwiftPackageProductDependency;
			package = BA8B3B82290035B30007ABD1 /* XCRemoteSwiftPackageReference "firebase-ios-sdk" */;
			productName = FirebaseAuth;
		};
		BA8B3B86290036310007ABD1 /* GoogleSignIn */ = {
			isa = XCSwiftPackageProductDependency;
			package = BA8B3B85290036300007ABD1 /* XCRemoteSwiftPackageReference "GoogleSignIn-iOS" */;
			productName = GoogleSignIn;
		};
		BA8B3B88290036310007ABD1 /* GoogleSignInSwift */ = {
			isa = XCSwiftPackageProductDependency;
			package = BA8B3B85290036300007ABD1 /* XCRemoteSwiftPackageReference "GoogleSignIn-iOS" */;
			productName = GoogleSignInSwift;
		};
/* End XCSwiftPackageProductDependency section */
	};
	rootObject = BA8B3B2128FEE3E60007ABD1 /* Project object */;
}
