// !$*UTF8*$!
{
	archiveVersion = 1;
	classes = {
	};
	objectVersion = 55;
	objects = {

/* Begin PBXBuildFile section */
		850808912765BDF6001D8231 /* image.swift in Sources */ = {isa = PBXBuildFile; fileRef = 850808902765BDF6001D8231 /* image.swift */; };
		850ECCBD275F8C6D00A7891D /* UIApplication.swift in Sources */ = {isa = PBXBuildFile; fileRef = 850ECCBC275F8C6C00A7891D /* UIApplication.swift */; };
		850ECCC0275FE1C500A7891D /* SearchViewModel.swift in Sources */ = {isa = PBXBuildFile; fileRef = 850ECCBF275FE1C500A7891D /* SearchViewModel.swift */; };
		8535B43D2705F2AF006311FC /* Megazine.swift in Sources */ = {isa = PBXBuildFile; fileRef = 8535B43C2705F2AF006311FC /* Megazine.swift */; };
		8535B43F2705F330006311FC /* MegazineViewModel.swift in Sources */ = {isa = PBXBuildFile; fileRef = 8535B43E2705F330006311FC /* MegazineViewModel.swift */; };
		8547BAFF26FB3A4600E051E2 /* ARTISApp.swift in Sources */ = {isa = PBXBuildFile; fileRef = 8547BAFE26FB3A4600E051E2 /* ARTISApp.swift */; };
		8547BB0326FB3A4800E051E2 /* Assets.xcassets in Resources */ = {isa = PBXBuildFile; fileRef = 8547BB0226FB3A4800E051E2 /* Assets.xcassets */; };
		8547BB0626FB3A4800E051E2 /* Preview Assets.xcassets in Resources */ = {isa = PBXBuildFile; fileRef = 8547BB0526FB3A4800E051E2 /* Preview Assets.xcassets */; };
		8547BB1426FB3A8700E051E2 /* Color.swift in Sources */ = {isa = PBXBuildFile; fileRef = 8547BB1326FB3A8700E051E2 /* Color.swift */; };
		8547BB1626FB3B6900E051E2 /* HomeView.swift in Sources */ = {isa = PBXBuildFile; fileRef = 8547BB1526FB3B6900E051E2 /* HomeView.swift */; };
		8547BB1826FB406D00E051E2 /* AlarmView.swift in Sources */ = {isa = PBXBuildFile; fileRef = 8547BB1726FB406D00E051E2 /* AlarmView.swift */; };
		854A8E8426FBA3C1008C7A9C /* ProfileView.swift in Sources */ = {isa = PBXBuildFile; fileRef = 854A8E8326FBA3C1008C7A9C /* ProfileView.swift */; };
		854A8E8826FBA3E0008C7A9C /* MegazineView.swift in Sources */ = {isa = PBXBuildFile; fileRef = 854A8E8726FBA3E0008C7A9C /* MegazineView.swift */; };
		854A8E8A26FBA64E008C7A9C /* tabView.swift in Sources */ = {isa = PBXBuildFile; fileRef = 854A8E8926FBA64E008C7A9C /* tabView.swift */; };
		855375BA276469DC0024E45C /* NewsImageDataService.swift in Sources */ = {isa = PBXBuildFile; fileRef = 855375B9276469DC0024E45C /* NewsImageDataService.swift */; };
		855CDDCB2765E59A00448B71 /* CustomRoundedCorner.swift in Sources */ = {isa = PBXBuildFile; fileRef = 855CDDCA2765E59A00448B71 /* CustomRoundedCorner.swift */; };
		855CDDCD2765EBA500448B71 /* NewsView.swift in Sources */ = {isa = PBXBuildFile; fileRef = 855CDDCC2765EBA500448B71 /* NewsView.swift */; };
		855D08BE275B8A0300172A1B /* DateFormat.swift in Sources */ = {isa = PBXBuildFile; fileRef = 855D08BD275B8A0300172A1B /* DateFormat.swift */; };
		855D08C0275B945100172A1B /* ContentsView.swift in Sources */ = {isa = PBXBuildFile; fileRef = 855D08BF275B945100172A1B /* ContentsView.swift */; };
		855D08C2275BD6A900172A1B /* mainNewsView.swift in Sources */ = {isa = PBXBuildFile; fileRef = 855D08C1275BD6A800172A1B /* mainNewsView.swift */; };
		8564C407275A80A200336825 /* LocalFileManager.swift in Sources */ = {isa = PBXBuildFile; fileRef = 8564C406275A80A100336825 /* LocalFileManager.swift */; };
		8564C40A275A923E00336825 /* CarouselBuilder.swift in Sources */ = {isa = PBXBuildFile; fileRef = 8564C409275A923E00336825 /* CarouselBuilder.swift */; };
		85776C3E2703211300D4CBF1 /* HomeViewModel.swift in Sources */ = {isa = PBXBuildFile; fileRef = 85776C3D2703211300D4CBF1 /* HomeViewModel.swift */; };
		85776C40270321BA00D4CBF1 /* News.swift in Sources */ = {isa = PBXBuildFile; fileRef = 85776C3F270321BA00D4CBF1 /* News.swift */; };
		85776C42270377DE00D4CBF1 /* NewsRowView.swift in Sources */ = {isa = PBXBuildFile; fileRef = 85776C41270377DD00D4CBF1 /* NewsRowView.swift */; };
		859092F22760561D002F9917 /* SearchView.swift in Sources */ = {isa = PBXBuildFile; fileRef = 859092F12760561D002F9917 /* SearchView.swift */; };
		85A35565275DF364004F2636 /* LastPageView.swift in Sources */ = {isa = PBXBuildFile; fileRef = 85A35564275DF364004F2636 /* LastPageView.swift */; };
		85A35567275DF8C7004F2636 /* ExhibitionInfo.swift in Sources */ = {isa = PBXBuildFile; fileRef = 85A35566275DF8C6004F2636 /* ExhibitionInfo.swift */; };
		85A35569275DF90E004F2636 /* LaunchInfo.swift in Sources */ = {isa = PBXBuildFile; fileRef = 85A35568275DF90E004F2636 /* LaunchInfo.swift */; };
		85AFA5C12759FC8F00AE9883 /* MainNewsImageView.swift in Sources */ = {isa = PBXBuildFile; fileRef = 85AFA5C02759FC8F00AE9883 /* MainNewsImageView.swift */; };
		85AFD33926FB8EDF002895F3 /* ItemBarView.swift in Sources */ = {isa = PBXBuildFile; fileRef = 85AFD33826FB8EDF002895F3 /* ItemBarView.swift */; };
		85B9D68A275E06D1007AAB00 /* LastPageViewModel.swift in Sources */ = {isa = PBXBuildFile; fileRef = 85B9D689275E06D1007AAB00 /* LastPageViewModel.swift */; };
		85B9D68F275E8B0C007AAB00 /* PurchaseView.swift in Sources */ = {isa = PBXBuildFile; fileRef = 85B9D68E275E8B0B007AAB00 /* PurchaseView.swift */; };
		85B9F43B27567A6E000EEECA /* NetworkManager.swift in Sources */ = {isa = PBXBuildFile; fileRef = 85B9F43A27567A6E000EEECA /* NetworkManager.swift */; };
		85B9F43F27568BF0000EEECA /* NewsImageView.swift in Sources */ = {isa = PBXBuildFile; fileRef = 85B9F43E27568BF0000EEECA /* NewsImageView.swift */; };
		85B9F44227568CB2000EEECA /* NewsImageViewModel.swift in Sources */ = {isa = PBXBuildFile; fileRef = 85B9F44127568CB2000EEECA /* NewsImageViewModel.swift */; };
		85CAA95F26FCE6EB00387369 /* tabViewModel.swift in Sources */ = {isa = PBXBuildFile; fileRef = 85CAA95E26FCE6EB00387369 /* tabViewModel.swift */; };
		85CAA96226FCF23F00387369 /* CarouselView.swift in Sources */ = {isa = PBXBuildFile; fileRef = 85CAA96126FCF23F00387369 /* CarouselView.swift */; };
		85D4F0DA27560A6A00AFB0CB /* NewsDataService.swift in Sources */ = {isa = PBXBuildFile; fileRef = 85D4F0D927560A6A00AFB0CB /* NewsDataService.swift */; };
		85D4F0DC2756280B00AFB0CB /* testView.swift in Sources */ = {isa = PBXBuildFile; fileRef = 85D4F0DB2756280A00AFB0CB /* testView.swift */; };
		85D4F0DE27562AFA00AFB0CB /* PreviewProvider.swift in Sources */ = {isa = PBXBuildFile; fileRef = 85D4F0DD27562AFA00AFB0CB /* PreviewProvider.swift */; };
		85DB07972752354A001FB6BF /* GoogleService-Info.plist in Resources */ = {isa = PBXBuildFile; fileRef = 85DB079627523549001FB6BF /* GoogleService-Info.plist */; };
		85DB079A27523648001FB6BF /* FirebaseAnalytics in Frameworks */ = {isa = PBXBuildFile; productRef = 85DB079927523648001FB6BF /* FirebaseAnalytics */; };
		85DB079C27523648001FB6BF /* FirebaseAnalyticsSwift-Beta in Frameworks */ = {isa = PBXBuildFile; productRef = 85DB079B27523648001FB6BF /* FirebaseAnalyticsSwift-Beta */; };
		85DB079E27523648001FB6BF /* FirebaseAnalyticsWithoutAdIdSupport in Frameworks */ = {isa = PBXBuildFile; productRef = 85DB079D27523648001FB6BF /* FirebaseAnalyticsWithoutAdIdSupport */; };
		85DB07A027523648001FB6BF /* FirebaseAppCheck in Frameworks */ = {isa = PBXBuildFile; productRef = 85DB079F27523648001FB6BF /* FirebaseAppCheck */; };
		85DB07A227523648001FB6BF /* FirebaseAppDistribution-Beta in Frameworks */ = {isa = PBXBuildFile; productRef = 85DB07A127523648001FB6BF /* FirebaseAppDistribution-Beta */; };
		85DB07A427523648001FB6BF /* FirebaseAuth in Frameworks */ = {isa = PBXBuildFile; productRef = 85DB07A327523648001FB6BF /* FirebaseAuth */; };
		85DB07A627523648001FB6BF /* FirebaseAuthCombine-Community in Frameworks */ = {isa = PBXBuildFile; productRef = 85DB07A527523648001FB6BF /* FirebaseAuthCombine-Community */; };
		85DB07A827523648001FB6BF /* FirebaseCrashlytics in Frameworks */ = {isa = PBXBuildFile; productRef = 85DB07A727523648001FB6BF /* FirebaseCrashlytics */; };
		85DB07AA27523648001FB6BF /* FirebaseDatabase in Frameworks */ = {isa = PBXBuildFile; productRef = 85DB07A927523648001FB6BF /* FirebaseDatabase */; };
		85DB07AC27523648001FB6BF /* FirebaseDatabaseSwift-Beta in Frameworks */ = {isa = PBXBuildFile; productRef = 85DB07AB27523648001FB6BF /* FirebaseDatabaseSwift-Beta */; };
		85DB07AE27523648001FB6BF /* FirebaseDynamicLinks in Frameworks */ = {isa = PBXBuildFile; productRef = 85DB07AD27523648001FB6BF /* FirebaseDynamicLinks */; };
		85DB07B027523648001FB6BF /* FirebaseFirestore in Frameworks */ = {isa = PBXBuildFile; productRef = 85DB07AF27523648001FB6BF /* FirebaseFirestore */; };
		85DB07B227523648001FB6BF /* FirebaseFirestoreCombine-Community in Frameworks */ = {isa = PBXBuildFile; productRef = 85DB07B127523648001FB6BF /* FirebaseFirestoreCombine-Community */; };
		85DB07B427523648001FB6BF /* FirebaseFirestoreSwift-Beta in Frameworks */ = {isa = PBXBuildFile; productRef = 85DB07B327523648001FB6BF /* FirebaseFirestoreSwift-Beta */; };
		85DB07B627523648001FB6BF /* FirebaseFunctions in Frameworks */ = {isa = PBXBuildFile; productRef = 85DB07B527523648001FB6BF /* FirebaseFunctions */; };
		85DB07B827523648001FB6BF /* FirebaseFunctionsCombine-Community in Frameworks */ = {isa = PBXBuildFile; productRef = 85DB07B727523648001FB6BF /* FirebaseFunctionsCombine-Community */; };
		85DB07BA27523648001FB6BF /* FirebaseInAppMessaging-Beta in Frameworks */ = {isa = PBXBuildFile; productRef = 85DB07B927523648001FB6BF /* FirebaseInAppMessaging-Beta */; };
		85DB07BC27523648001FB6BF /* FirebaseInAppMessagingSwift-Beta in Frameworks */ = {isa = PBXBuildFile; productRef = 85DB07BB27523648001FB6BF /* FirebaseInAppMessagingSwift-Beta */; };
		85DB07BE27523648001FB6BF /* FirebaseInstallations in Frameworks */ = {isa = PBXBuildFile; productRef = 85DB07BD27523648001FB6BF /* FirebaseInstallations */; };
		85DB07C027523648001FB6BF /* FirebaseMLModelDownloader in Frameworks */ = {isa = PBXBuildFile; productRef = 85DB07BF27523648001FB6BF /* FirebaseMLModelDownloader */; };
		85DB07C227523648001FB6BF /* FirebaseMessaging in Frameworks */ = {isa = PBXBuildFile; productRef = 85DB07C127523648001FB6BF /* FirebaseMessaging */; };
		85DB07C427523648001FB6BF /* FirebasePerformance in Frameworks */ = {isa = PBXBuildFile; productRef = 85DB07C327523648001FB6BF /* FirebasePerformance */; };
		85DB07C627523649001FB6BF /* FirebaseRemoteConfig in Frameworks */ = {isa = PBXBuildFile; productRef = 85DB07C527523649001FB6BF /* FirebaseRemoteConfig */; };
		85DB07C827523649001FB6BF /* FirebaseStorage in Frameworks */ = {isa = PBXBuildFile; productRef = 85DB07C727523649001FB6BF /* FirebaseStorage */; };
		85DB07CA27523649001FB6BF /* FirebaseStorageCombine-Community in Frameworks */ = {isa = PBXBuildFile; productRef = 85DB07C927523649001FB6BF /* FirebaseStorageCombine-Community */; };
		85DB07CC27523649001FB6BF /* FirebaseStorageSwift-Beta in Frameworks */ = {isa = PBXBuildFile; productRef = 85DB07CB27523649001FB6BF /* FirebaseStorageSwift-Beta */; };
		85ECD1E226FC93A300D8918D /* tab.swift in Sources */ = {isa = PBXBuildFile; fileRef = 85ECD1E126FC93A300D8918D /* tab.swift */; };
		85F19A332760F957002A2112 /* BrandInfo.swift in Sources */ = {isa = PBXBuildFile; fileRef = 85F19A322760F957002A2112 /* BrandInfo.swift */; };
		85F4ABB42765E1070013B2A3 /* FirstNewsRowView.swift in Sources */ = {isa = PBXBuildFile; fileRef = 85F4ABB32765E1070013B2A3 /* FirstNewsRowView.swift */; };
/* End PBXBuildFile section */

/* Begin PBXFileReference section */
		850808902765BDF6001D8231 /* image.swift */ = {isa = PBXFileReference; lastKnownFileType = sourcecode.swift; path = image.swift; sourceTree = "<group>"; };
		850ECCBC275F8C6C00A7891D /* UIApplication.swift */ = {isa = PBXFileReference; lastKnownFileType = sourcecode.swift; path = UIApplication.swift; sourceTree = "<group>"; };
		850ECCBF275FE1C500A7891D /* SearchViewModel.swift */ = {isa = PBXFileReference; lastKnownFileType = sourcecode.swift; path = SearchViewModel.swift; sourceTree = "<group>"; };
		8535B43C2705F2AF006311FC /* Megazine.swift */ = {isa = PBXFileReference; lastKnownFileType = sourcecode.swift; path = Megazine.swift; sourceTree = "<group>"; };
		8535B43E2705F330006311FC /* MegazineViewModel.swift */ = {isa = PBXFileReference; lastKnownFileType = sourcecode.swift; path = MegazineViewModel.swift; sourceTree = "<group>"; };
		8547BAFB26FB3A4600E051E2 /* ARTIS.app */ = {isa = PBXFileReference; explicitFileType = wrapper.application; includeInIndex = 0; path = ARTIS.app; sourceTree = BUILT_PRODUCTS_DIR; };
		8547BAFE26FB3A4600E051E2 /* ARTISApp.swift */ = {isa = PBXFileReference; lastKnownFileType = sourcecode.swift; path = ARTISApp.swift; sourceTree = "<group>"; };
		8547BB0226FB3A4800E051E2 /* Assets.xcassets */ = {isa = PBXFileReference; lastKnownFileType = folder.assetcatalog; path = Assets.xcassets; sourceTree = "<group>"; };
		8547BB0526FB3A4800E051E2 /* Preview Assets.xcassets */ = {isa = PBXFileReference; lastKnownFileType = folder.assetcatalog; path = "Preview Assets.xcassets"; sourceTree = "<group>"; };
		8547BB1326FB3A8700E051E2 /* Color.swift */ = {isa = PBXFileReference; lastKnownFileType = sourcecode.swift; path = Color.swift; sourceTree = "<group>"; };
		8547BB1526FB3B6900E051E2 /* HomeView.swift */ = {isa = PBXFileReference; lastKnownFileType = sourcecode.swift; path = HomeView.swift; sourceTree = "<group>"; };
		8547BB1726FB406D00E051E2 /* AlarmView.swift */ = {isa = PBXFileReference; lastKnownFileType = sourcecode.swift; path = AlarmView.swift; sourceTree = "<group>"; };
		854A8E8326FBA3C1008C7A9C /* ProfileView.swift */ = {isa = PBXFileReference; lastKnownFileType = sourcecode.swift; path = ProfileView.swift; sourceTree = "<group>"; };
		854A8E8726FBA3E0008C7A9C /* MegazineView.swift */ = {isa = PBXFileReference; lastKnownFileType = sourcecode.swift; path = MegazineView.swift; sourceTree = "<group>"; };
		854A8E8926FBA64E008C7A9C /* tabView.swift */ = {isa = PBXFileReference; lastKnownFileType = sourcecode.swift; path = tabView.swift; sourceTree = "<group>"; };
		855375B9276469DC0024E45C /* NewsImageDataService.swift */ = {isa = PBXFileReference; fileEncoding = 4; lastKnownFileType = sourcecode.swift; path = NewsImageDataService.swift; sourceTree = "<group>"; };
		855CDDCA2765E59A00448B71 /* CustomRoundedCorner.swift */ = {isa = PBXFileReference; lastKnownFileType = sourcecode.swift; path = CustomRoundedCorner.swift; sourceTree = "<group>"; };
		855CDDCC2765EBA500448B71 /* NewsView.swift */ = {isa = PBXFileReference; lastKnownFileType = sourcecode.swift; path = NewsView.swift; sourceTree = "<group>"; };
		855D08BD275B8A0300172A1B /* DateFormat.swift */ = {isa = PBXFileReference; lastKnownFileType = sourcecode.swift; path = DateFormat.swift; sourceTree = "<group>"; };
		855D08BF275B945100172A1B /* ContentsView.swift */ = {isa = PBXFileReference; lastKnownFileType = sourcecode.swift; path = ContentsView.swift; sourceTree = "<group>"; };
		855D08C1275BD6A800172A1B /* mainNewsView.swift */ = {isa = PBXFileReference; lastKnownFileType = sourcecode.swift; path = mainNewsView.swift; sourceTree = "<group>"; };
		8564C406275A80A100336825 /* LocalFileManager.swift */ = {isa = PBXFileReference; lastKnownFileType = sourcecode.swift; path = LocalFileManager.swift; sourceTree = "<group>"; };
		8564C409275A923E00336825 /* CarouselBuilder.swift */ = {isa = PBXFileReference; lastKnownFileType = sourcecode.swift; path = CarouselBuilder.swift; sourceTree = "<group>"; };
		85776C3D2703211300D4CBF1 /* HomeViewModel.swift */ = {isa = PBXFileReference; lastKnownFileType = sourcecode.swift; path = HomeViewModel.swift; sourceTree = "<group>"; };
		85776C3F270321BA00D4CBF1 /* News.swift */ = {isa = PBXFileReference; lastKnownFileType = sourcecode.swift; path = News.swift; sourceTree = "<group>"; };
		85776C41270377DD00D4CBF1 /* NewsRowView.swift */ = {isa = PBXFileReference; lastKnownFileType = sourcecode.swift; path = NewsRowView.swift; sourceTree = "<group>"; };
		859092F12760561D002F9917 /* SearchView.swift */ = {isa = PBXFileReference; fileEncoding = 4; lastKnownFileType = sourcecode.swift; path = SearchView.swift; sourceTree = "<group>"; };
		85A35564275DF364004F2636 /* LastPageView.swift */ = {isa = PBXFileReference; lastKnownFileType = sourcecode.swift; path = LastPageView.swift; sourceTree = "<group>"; };
		85A35566275DF8C6004F2636 /* ExhibitionInfo.swift */ = {isa = PBXFileReference; lastKnownFileType = sourcecode.swift; path = ExhibitionInfo.swift; sourceTree = "<group>"; };
		85A35568275DF90E004F2636 /* LaunchInfo.swift */ = {isa = PBXFileReference; lastKnownFileType = sourcecode.swift; path = LaunchInfo.swift; sourceTree = "<group>"; };
		85AFA5C02759FC8F00AE9883 /* MainNewsImageView.swift */ = {isa = PBXFileReference; lastKnownFileType = sourcecode.swift; path = MainNewsImageView.swift; sourceTree = "<group>"; };
		85AFD33826FB8EDF002895F3 /* ItemBarView.swift */ = {isa = PBXFileReference; lastKnownFileType = sourcecode.swift; path = ItemBarView.swift; sourceTree = "<group>"; };
		85B9D689275E06D1007AAB00 /* LastPageViewModel.swift */ = {isa = PBXFileReference; lastKnownFileType = sourcecode.swift; path = LastPageViewModel.swift; sourceTree = "<group>"; };
		85B9D68E275E8B0B007AAB00 /* PurchaseView.swift */ = {isa = PBXFileReference; lastKnownFileType = sourcecode.swift; path = PurchaseView.swift; sourceTree = "<group>"; };
		85B9F43A27567A6E000EEECA /* NetworkManager.swift */ = {isa = PBXFileReference; lastKnownFileType = sourcecode.swift; path = NetworkManager.swift; sourceTree = "<group>"; };
		85B9F43E27568BF0000EEECA /* NewsImageView.swift */ = {isa = PBXFileReference; lastKnownFileType = sourcecode.swift; path = NewsImageView.swift; sourceTree = "<group>"; };
		85B9F44127568CB2000EEECA /* NewsImageViewModel.swift */ = {isa = PBXFileReference; lastKnownFileType = sourcecode.swift; path = NewsImageViewModel.swift; sourceTree = "<group>"; };
		85CAA95E26FCE6EB00387369 /* tabViewModel.swift */ = {isa = PBXFileReference; lastKnownFileType = sourcecode.swift; path = tabViewModel.swift; sourceTree = "<group>"; };
		85CAA96126FCF23F00387369 /* CarouselView.swift */ = {isa = PBXFileReference; lastKnownFileType = sourcecode.swift; path = CarouselView.swift; sourceTree = "<group>"; };
		85D4F0D927560A6A00AFB0CB /* NewsDataService.swift */ = {isa = PBXFileReference; lastKnownFileType = sourcecode.swift; path = NewsDataService.swift; sourceTree = "<group>"; };
		85D4F0DB2756280A00AFB0CB /* testView.swift */ = {isa = PBXFileReference; lastKnownFileType = sourcecode.swift; path = testView.swift; sourceTree = "<group>"; };
		85D4F0DD27562AFA00AFB0CB /* PreviewProvider.swift */ = {isa = PBXFileReference; lastKnownFileType = sourcecode.swift; path = PreviewProvider.swift; sourceTree = "<group>"; };
		85DB079627523549001FB6BF /* GoogleService-Info.plist */ = {isa = PBXFileReference; fileEncoding = 4; lastKnownFileType = text.plist.xml; path = "GoogleService-Info.plist"; sourceTree = "<group>"; };
		85ECD1E126FC93A300D8918D /* tab.swift */ = {isa = PBXFileReference; lastKnownFileType = sourcecode.swift; path = tab.swift; sourceTree = "<group>"; };
		85F19A322760F957002A2112 /* BrandInfo.swift */ = {isa = PBXFileReference; lastKnownFileType = sourcecode.swift; path = BrandInfo.swift; sourceTree = "<group>"; };
		85F4ABB32765E1070013B2A3 /* FirstNewsRowView.swift */ = {isa = PBXFileReference; lastKnownFileType = sourcecode.swift; path = FirstNewsRowView.swift; sourceTree = "<group>"; };
/* End PBXFileReference section */

/* Begin PBXFrameworksBuildPhase section */
		8547BAF826FB3A4600E051E2 /* Frameworks */ = {
			isa = PBXFrameworksBuildPhase;
			buildActionMask = 2147483647;
			files = (
				85DB07C427523648001FB6BF /* FirebasePerformance in Frameworks */,
				85DB07B227523648001FB6BF /* FirebaseFirestoreCombine-Community in Frameworks */,
				85DB07AC27523648001FB6BF /* FirebaseDatabaseSwift-Beta in Frameworks */,
				85DB07AE27523648001FB6BF /* FirebaseDynamicLinks in Frameworks */,
				85DB07A027523648001FB6BF /* FirebaseAppCheck in Frameworks */,
				85DB07C827523649001FB6BF /* FirebaseStorage in Frameworks */,
				85DB07A427523648001FB6BF /* FirebaseAuth in Frameworks */,
				85DB07CC27523649001FB6BF /* FirebaseStorageSwift-Beta in Frameworks */,
				85DB07BA27523648001FB6BF /* FirebaseInAppMessaging-Beta in Frameworks */,
				85DB079C27523648001FB6BF /* FirebaseAnalyticsSwift-Beta in Frameworks */,
				85DB07C027523648001FB6BF /* FirebaseMLModelDownloader in Frameworks */,
				85DB07B027523648001FB6BF /* FirebaseFirestore in Frameworks */,
				85DB07C227523648001FB6BF /* FirebaseMessaging in Frameworks */,
				85DB07BE27523648001FB6BF /* FirebaseInstallations in Frameworks */,
				85DB07B827523648001FB6BF /* FirebaseFunctionsCombine-Community in Frameworks */,
				85DB07A227523648001FB6BF /* FirebaseAppDistribution-Beta in Frameworks */,
				85DB079E27523648001FB6BF /* FirebaseAnalyticsWithoutAdIdSupport in Frameworks */,
				85DB07B427523648001FB6BF /* FirebaseFirestoreSwift-Beta in Frameworks */,
				85DB07A827523648001FB6BF /* FirebaseCrashlytics in Frameworks */,
				85DB07AA27523648001FB6BF /* FirebaseDatabase in Frameworks */,
				85DB07C627523649001FB6BF /* FirebaseRemoteConfig in Frameworks */,
				85DB07B627523648001FB6BF /* FirebaseFunctions in Frameworks */,
				85DB07A627523648001FB6BF /* FirebaseAuthCombine-Community in Frameworks */,
				85DB07CA27523649001FB6BF /* FirebaseStorageCombine-Community in Frameworks */,
				85DB07BC27523648001FB6BF /* FirebaseInAppMessagingSwift-Beta in Frameworks */,
				85DB079A27523648001FB6BF /* FirebaseAnalytics in Frameworks */,
			);
			runOnlyForDeploymentPostprocessing = 0;
		};
/* End PBXFrameworksBuildPhase section */

/* Begin PBXGroup section */
		850ECCBE275FE18600A7891D /* ViewModel */ = {
			isa = PBXGroup;
			children = (
				850ECCBF275FE1C500A7891D /* SearchViewModel.swift */,
			);
			path = ViewModel;
			sourceTree = "<group>";
		};
		8547BAF226FB3A4600E051E2 = {
			isa = PBXGroup;
			children = (
				8547BAFD26FB3A4600E051E2 /* ARTIS */,
				8547BAFC26FB3A4600E051E2 /* Products */,
				8561372127231DA200FDCFF0 /* Frameworks */,
			);
			sourceTree = "<group>";
		};
		8547BAFC26FB3A4600E051E2 /* Products */ = {
			isa = PBXGroup;
			children = (
				8547BAFB26FB3A4600E051E2 /* ARTIS.app */,
			);
			name = Products;
			sourceTree = "<group>";
		};
		8547BAFD26FB3A4600E051E2 /* ARTIS */ = {
			isa = PBXGroup;
			children = (
				8547BAFE26FB3A4600E051E2 /* ARTISApp.swift */,
				85DB079627523549001FB6BF /* GoogleService-Info.plist */,
				8547BB0E26FB3A5B00E051E2 /* Extensions */,
				85B9F43927567A56000EEECA /* Utilities */,
				85D4F0D8275609D100AFB0CB /* DataServices */,
				8547BB0D26FB3A5400E051E2 /* Models */,
				8547BB0C26FB3A5000E051E2 /* Core */,
				8547BB0226FB3A4800E051E2 /* Assets.xcassets */,
				8547BB0426FB3A4800E051E2 /* Preview Content */,
			);
			path = ARTIS;
			sourceTree = "<group>";
		};
		8547BB0426FB3A4800E051E2 /* Preview Content */ = {
			isa = PBXGroup;
			children = (
				8547BB0526FB3A4800E051E2 /* Preview Assets.xcassets */,
			);
			path = "Preview Content";
			sourceTree = "<group>";
		};
		8547BB0C26FB3A5000E051E2 /* Core */ = {
			isa = PBXGroup;
			children = (
				8547BB1226FB3A7A00E051E2 /* Components */,
				854A8E7926FBA36A008C7A9C /* Tab */,
			);
			path = Core;
			sourceTree = "<group>";
		};
		8547BB0D26FB3A5400E051E2 /* Models */ = {
			isa = PBXGroup;
			children = (
				85ECD1E126FC93A300D8918D /* tab.swift */,
				85776C3F270321BA00D4CBF1 /* News.swift */,
				8535B43C2705F2AF006311FC /* Megazine.swift */,
				85A35566275DF8C6004F2636 /* ExhibitionInfo.swift */,
				85A35568275DF90E004F2636 /* LaunchInfo.swift */,
				85F19A322760F957002A2112 /* BrandInfo.swift */,
			);
			path = Models;
			sourceTree = "<group>";
		};
		8547BB0E26FB3A5B00E051E2 /* Extensions */ = {
			isa = PBXGroup;
			children = (
				8547BB1326FB3A8700E051E2 /* Color.swift */,
				85D4F0DD27562AFA00AFB0CB /* PreviewProvider.swift */,
				855D08BD275B8A0300172A1B /* DateFormat.swift */,
				850ECCBC275F8C6C00A7891D /* UIApplication.swift */,
				855CDDCA2765E59A00448B71 /* CustomRoundedCorner.swift */,
			);
			path = Extensions;
			sourceTree = "<group>";
		};
		8547BB0F26FB3A6400E051E2 /* Home */ = {
			isa = PBXGroup;
			children = (
				8547BB1126FB3A7300E051E2 /* ViewModel */,
				8547BB1026FB3A6E00E051E2 /* View */,
			);
			path = Home;
			sourceTree = "<group>";
		};
		8547BB1026FB3A6E00E051E2 /* View */ = {
			isa = PBXGroup;
			children = (
				8547BB1526FB3B6900E051E2 /* HomeView.swift */,
			);
			path = View;
			sourceTree = "<group>";
		};
		8547BB1126FB3A7300E051E2 /* ViewModel */ = {
			isa = PBXGroup;
			children = (
				85776C3D2703211300D4CBF1 /* HomeViewModel.swift */,
			);
			path = ViewModel;
			sourceTree = "<group>";
		};
		8547BB1226FB3A7A00E051E2 /* Components */ = {
			isa = PBXGroup;
			children = (
				85A35563275DE6F2004F2636 /* test */,
				8564C408275A920800336825 /* CustomCarousel */,
				85F19A2D2760A55A002A2112 /* NewsView */,
				85B9F44027568C9E000EEECA /* NewsImage */,
				85B9D68B275E06D7007AAB00 /* Contents */,
				85B9D68C275E6360007AAB00 /* HomeViewComponents */,
				85B9D68D275E63DF007AAB00 /* MegazineViewComponents */,
			);
			path = Components;
			sourceTree = "<group>";
		};
		854A8E7926FBA36A008C7A9C /* Tab */ = {
			isa = PBXGroup;
			children = (
				85ECD1DE26FC938000D8918D /* TabView */,
				8547BB0F26FB3A6400E051E2 /* Home */,
				854A8E7A26FBA385008C7A9C /* Megazine */,
				854A8E7B26FBA38B008C7A9C /* Search */,
				854A8E7C26FBA390008C7A9C /* Profile */,
			);
			path = Tab;
			sourceTree = "<group>";
		};
		854A8E7A26FBA385008C7A9C /* Megazine */ = {
			isa = PBXGroup;
			children = (
				854A8E7E26FBA39B008C7A9C /* ViewModel */,
				854A8E7D26FBA396008C7A9C /* View */,
			);
			path = Megazine;
			sourceTree = "<group>";
		};
		854A8E7B26FBA38B008C7A9C /* Search */ = {
			isa = PBXGroup;
			children = (
				850ECCBE275FE18600A7891D /* ViewModel */,
				854A8E7F26FBA3A1008C7A9C /* View */,
			);
			path = Search;
			sourceTree = "<group>";
		};
		854A8E7C26FBA390008C7A9C /* Profile */ = {
			isa = PBXGroup;
			children = (
				854A8E8226FBA3B2008C7A9C /* ViewModel */,
				854A8E8126FBA3AE008C7A9C /* View */,
			);
			path = Profile;
			sourceTree = "<group>";
		};
		854A8E7D26FBA396008C7A9C /* View */ = {
			isa = PBXGroup;
			children = (
				854A8E8726FBA3E0008C7A9C /* MegazineView.swift */,
			);
			path = View;
			sourceTree = "<group>";
		};
		854A8E7E26FBA39B008C7A9C /* ViewModel */ = {
			isa = PBXGroup;
			children = (
				8535B43E2705F330006311FC /* MegazineViewModel.swift */,
			);
			path = ViewModel;
			sourceTree = "<group>";
		};
		854A8E7F26FBA3A1008C7A9C /* View */ = {
			isa = PBXGroup;
			children = (
				859092F12760561D002F9917 /* SearchView.swift */,
			);
			path = View;
			sourceTree = "<group>";
		};
		854A8E8126FBA3AE008C7A9C /* View */ = {
			isa = PBXGroup;
			children = (
				854A8E8326FBA3C1008C7A9C /* ProfileView.swift */,
			);
			path = View;
			sourceTree = "<group>";
		};
		854A8E8226FBA3B2008C7A9C /* ViewModel */ = {
			isa = PBXGroup;
			children = (
			);
			path = ViewModel;
			sourceTree = "<group>";
		};
		8561372127231DA200FDCFF0 /* Frameworks */ = {
			isa = PBXGroup;
			children = (
			);
			name = Frameworks;
			sourceTree = "<group>";
		};
		8564C408275A920800336825 /* CustomCarousel */ = {
			isa = PBXGroup;
			children = (
				85CAA96126FCF23F00387369 /* CarouselView.swift */,
				8564C409275A923E00336825 /* CarouselBuilder.swift */,
			);
			path = CustomCarousel;
			sourceTree = "<group>";
		};
		859092F3276056FE002F9917 /* ViewModel */ = {
			isa = PBXGroup;
			children = (
				85B9F44127568CB2000EEECA /* NewsImageViewModel.swift */,
			);
			path = ViewModel;
			sourceTree = "<group>";
		};
		859092F427605706002F9917 /* View */ = {
			isa = PBXGroup;
			children = (
				85B9F43E27568BF0000EEECA /* NewsImageView.swift */,
				85AFA5C02759FC8F00AE9883 /* MainNewsImageView.swift */,
			);
			path = View;
			sourceTree = "<group>";
		};
		85A35563275DE6F2004F2636 /* test */ = {
			isa = PBXGroup;
			children = (
				85D4F0DB2756280A00AFB0CB /* testView.swift */,
				850808902765BDF6001D8231 /* image.swift */,
			);
			path = test;
			sourceTree = "<group>";
		};
		85B9D68B275E06D7007AAB00 /* Contents */ = {
			isa = PBXGroup;
			children = (
				85F19A342760FA8E002A2112 /* NewsContents */,
				85F19A312760F917002A2112 /* Purchase */,
				85F19A2E2760F8F0002A2112 /* LastPage */,
			);
			path = Contents;
			sourceTree = "<group>";
		};
		85B9D68C275E6360007AAB00 /* HomeViewComponents */ = {
			isa = PBXGroup;
			children = (
				8547BB1726FB406D00E051E2 /* AlarmView.swift */,
				85AFD33826FB8EDF002895F3 /* ItemBarView.swift */,
				855D08C1275BD6A800172A1B /* mainNewsView.swift */,
			);
			path = HomeViewComponents;
			sourceTree = "<group>";
		};
		85B9D68D275E63DF007AAB00 /* MegazineViewComponents */ = {
			isa = PBXGroup;
			children = (
			);
			path = MegazineViewComponents;
			sourceTree = "<group>";
		};
		85B9F43927567A56000EEECA /* Utilities */ = {
			isa = PBXGroup;
			children = (
				85B9F43A27567A6E000EEECA /* NetworkManager.swift */,
				8564C406275A80A100336825 /* LocalFileManager.swift */,
			);
			path = Utilities;
			sourceTree = "<group>";
		};
		85B9F44027568C9E000EEECA /* NewsImage */ = {
			isa = PBXGroup;
			children = (
				859092F427605706002F9917 /* View */,
				859092F3276056FE002F9917 /* ViewModel */,
			);
			path = NewsImage;
			sourceTree = "<group>";
		};
		85CAA96026FCE6EF00387369 /* ViewModel */ = {
			isa = PBXGroup;
			children = (
				85CAA95E26FCE6EB00387369 /* tabViewModel.swift */,
			);
			path = ViewModel;
			sourceTree = "<group>";
		};
		85D4F0D8275609D100AFB0CB /* DataServices */ = {
			isa = PBXGroup;
			children = (
				85D4F0D927560A6A00AFB0CB /* NewsDataService.swift */,
				855375B9276469DC0024E45C /* NewsImageDataService.swift */,
			);
			path = DataServices;
			sourceTree = "<group>";
		};
		85ECD1DE26FC938000D8918D /* TabView */ = {
			isa = PBXGroup;
			children = (
				85CAA96026FCE6EF00387369 /* ViewModel */,
				85ECD1DF26FC938900D8918D /* View */,
			);
			path = TabView;
			sourceTree = "<group>";
		};
		85ECD1DF26FC938900D8918D /* View */ = {
			isa = PBXGroup;
			children = (
				854A8E8926FBA64E008C7A9C /* tabView.swift */,
			);
			path = View;
			sourceTree = "<group>";
		};
		85F19A2D2760A55A002A2112 /* NewsView */ = {
			isa = PBXGroup;
			children = (
				85776C41270377DD00D4CBF1 /* NewsRowView.swift */,
				85F4ABB32765E1070013B2A3 /* FirstNewsRowView.swift */,
				855CDDCC2765EBA500448B71 /* NewsView.swift */,
			);
			path = NewsView;
			sourceTree = "<group>";
		};
		85F19A2E2760F8F0002A2112 /* LastPage */ = {
			isa = PBXGroup;
			children = (
				85F19A302760F903002A2112 /* View */,
				85F19A2F2760F8FA002A2112 /* ViewModel */,
			);
			path = LastPage;
			sourceTree = "<group>";
		};
		85F19A2F2760F8FA002A2112 /* ViewModel */ = {
			isa = PBXGroup;
			children = (
				85B9D689275E06D1007AAB00 /* LastPageViewModel.swift */,
			);
			path = ViewModel;
			sourceTree = "<group>";
		};
		85F19A302760F903002A2112 /* View */ = {
			isa = PBXGroup;
			children = (
				85A35564275DF364004F2636 /* LastPageView.swift */,
			);
			path = View;
			sourceTree = "<group>";
		};
		85F19A312760F917002A2112 /* Purchase */ = {
			isa = PBXGroup;
			children = (
				85B9D68E275E8B0B007AAB00 /* PurchaseView.swift */,
			);
			path = Purchase;
			sourceTree = "<group>";
		};
		85F19A342760FA8E002A2112 /* NewsContents */ = {
			isa = PBXGroup;
			children = (
				855D08BF275B945100172A1B /* ContentsView.swift */,
			);
			path = NewsContents;
			sourceTree = "<group>";
		};
/* End PBXGroup section */

/* Begin PBXNativeTarget section */
		8547BAFA26FB3A4600E051E2 /* ARTIS */ = {
			isa = PBXNativeTarget;
			buildConfigurationList = 8547BB0926FB3A4800E051E2 /* Build configuration list for PBXNativeTarget "ARTIS" */;
			buildPhases = (
				8547BAF726FB3A4600E051E2 /* Sources */,
				8547BAF826FB3A4600E051E2 /* Frameworks */,
				8547BAF926FB3A4600E051E2 /* Resources */,
			);
			buildRules = (
			);
			dependencies = (
			);
			name = ARTIS;
			packageProductDependencies = (
				85DB079927523648001FB6BF /* FirebaseAnalytics */,
				85DB079B27523648001FB6BF /* FirebaseAnalyticsSwift-Beta */,
				85DB079D27523648001FB6BF /* FirebaseAnalyticsWithoutAdIdSupport */,
				85DB079F27523648001FB6BF /* FirebaseAppCheck */,
				85DB07A127523648001FB6BF /* FirebaseAppDistribution-Beta */,
				85DB07A327523648001FB6BF /* FirebaseAuth */,
				85DB07A527523648001FB6BF /* FirebaseAuthCombine-Community */,
				85DB07A727523648001FB6BF /* FirebaseCrashlytics */,
				85DB07A927523648001FB6BF /* FirebaseDatabase */,
				85DB07AB27523648001FB6BF /* FirebaseDatabaseSwift-Beta */,
				85DB07AD27523648001FB6BF /* FirebaseDynamicLinks */,
				85DB07AF27523648001FB6BF /* FirebaseFirestore */,
				85DB07B127523648001FB6BF /* FirebaseFirestoreCombine-Community */,
				85DB07B327523648001FB6BF /* FirebaseFirestoreSwift-Beta */,
				85DB07B527523648001FB6BF /* FirebaseFunctions */,
				85DB07B727523648001FB6BF /* FirebaseFunctionsCombine-Community */,
				85DB07B927523648001FB6BF /* FirebaseInAppMessaging-Beta */,
				85DB07BB27523648001FB6BF /* FirebaseInAppMessagingSwift-Beta */,
				85DB07BD27523648001FB6BF /* FirebaseInstallations */,
				85DB07BF27523648001FB6BF /* FirebaseMLModelDownloader */,
				85DB07C127523648001FB6BF /* FirebaseMessaging */,
				85DB07C327523648001FB6BF /* FirebasePerformance */,
				85DB07C527523649001FB6BF /* FirebaseRemoteConfig */,
				85DB07C727523649001FB6BF /* FirebaseStorage */,
				85DB07C927523649001FB6BF /* FirebaseStorageCombine-Community */,
				85DB07CB27523649001FB6BF /* FirebaseStorageSwift-Beta */,
			);
			productName = ARTIS;
			productReference = 8547BAFB26FB3A4600E051E2 /* ARTIS.app */;
			productType = "com.apple.product-type.application";
		};
/* End PBXNativeTarget section */

/* Begin PBXProject section */
		8547BAF326FB3A4600E051E2 /* Project object */ = {
			isa = PBXProject;
			attributes = {
				BuildIndependentTargetsInParallel = 1;
				LastSwiftUpdateCheck = 1300;
				LastUpgradeCheck = 1300;
				TargetAttributes = {
					8547BAFA26FB3A4600E051E2 = {
						CreatedOnToolsVersion = 13.0;
					};
				};
			};
			buildConfigurationList = 8547BAF626FB3A4600E051E2 /* Build configuration list for PBXProject "ARTIS" */;
			compatibilityVersion = "Xcode 13.0";
			developmentRegion = en;
			hasScannedForEncodings = 0;
			knownRegions = (
				en,
				Base,
			);
			mainGroup = 8547BAF226FB3A4600E051E2;
			packageReferences = (
				85DB079827523648001FB6BF /* XCRemoteSwiftPackageReference "firebase-ios-sdk" */,
			);
			productRefGroup = 8547BAFC26FB3A4600E051E2 /* Products */;
			projectDirPath = "";
			projectRoot = "";
			targets = (
				8547BAFA26FB3A4600E051E2 /* ARTIS */,
			);
		};
/* End PBXProject section */

/* Begin PBXResourcesBuildPhase section */
		8547BAF926FB3A4600E051E2 /* Resources */ = {
			isa = PBXResourcesBuildPhase;
			buildActionMask = 2147483647;
			files = (
				8547BB0626FB3A4800E051E2 /* Preview Assets.xcassets in Resources */,
				8547BB0326FB3A4800E051E2 /* Assets.xcassets in Resources */,
				85DB07972752354A001FB6BF /* GoogleService-Info.plist in Resources */,
			);
			runOnlyForDeploymentPostprocessing = 0;
		};
/* End PBXResourcesBuildPhase section */

/* Begin PBXSourcesBuildPhase section */
		8547BAF726FB3A4600E051E2 /* Sources */ = {
			isa = PBXSourcesBuildPhase;
			buildActionMask = 2147483647;
			files = (
				854A8E8426FBA3C1008C7A9C /* ProfileView.swift in Sources */,
				855D08C2275BD6A900172A1B /* mainNewsView.swift in Sources */,
				85CAA95F26FCE6EB00387369 /* tabViewModel.swift in Sources */,
				855CDDCD2765EBA500448B71 /* NewsView.swift in Sources */,
				85B9F43B27567A6E000EEECA /* NetworkManager.swift in Sources */,
				855375BA276469DC0024E45C /* NewsImageDataService.swift in Sources */,
				8564C407275A80A200336825 /* LocalFileManager.swift in Sources */,
				854A8E8A26FBA64E008C7A9C /* tabView.swift in Sources */,
				85B9D68A275E06D1007AAB00 /* LastPageViewModel.swift in Sources */,
				85B9D68F275E8B0C007AAB00 /* PurchaseView.swift in Sources */,
				855CDDCB2765E59A00448B71 /* CustomRoundedCorner.swift in Sources */,
				85D4F0DE27562AFA00AFB0CB /* PreviewProvider.swift in Sources */,
				85A35567275DF8C7004F2636 /* ExhibitionInfo.swift in Sources */,
				859092F22760561D002F9917 /* SearchView.swift in Sources */,
				85CAA96226FCF23F00387369 /* CarouselView.swift in Sources */,
				854A8E8826FBA3E0008C7A9C /* MegazineView.swift in Sources */,
				850ECCC0275FE1C500A7891D /* SearchViewModel.swift in Sources */,
				85A35565275DF364004F2636 /* LastPageView.swift in Sources */,
				85ECD1E226FC93A300D8918D /* tab.swift in Sources */,
				85F4ABB42765E1070013B2A3 /* FirstNewsRowView.swift in Sources */,
				850ECCBD275F8C6D00A7891D /* UIApplication.swift in Sources */,
				85776C40270321BA00D4CBF1 /* News.swift in Sources */,
				8547BB1826FB406D00E051E2 /* AlarmView.swift in Sources */,
				850808912765BDF6001D8231 /* image.swift in Sources */,
				85AFD33926FB8EDF002895F3 /* ItemBarView.swift in Sources */,
				8547BB1626FB3B6900E051E2 /* HomeView.swift in Sources */,
				8535B43F2705F330006311FC /* MegazineViewModel.swift in Sources */,
				855D08BE275B8A0300172A1B /* DateFormat.swift in Sources */,
				8547BAFF26FB3A4600E051E2 /* ARTISApp.swift in Sources */,
				8564C40A275A923E00336825 /* CarouselBuilder.swift in Sources */,
				85B9F44227568CB2000EEECA /* NewsImageViewModel.swift in Sources */,
				85F19A332760F957002A2112 /* BrandInfo.swift in Sources */,
				855D08C0275B945100172A1B /* ContentsView.swift in Sources */,
				85776C3E2703211300D4CBF1 /* HomeViewModel.swift in Sources */,
				85D4F0DA27560A6A00AFB0CB /* NewsDataService.swift in Sources */,
				85D4F0DC2756280B00AFB0CB /* testView.swift in Sources */,
				85B9F43F27568BF0000EEECA /* NewsImageView.swift in Sources */,
				85AFA5C12759FC8F00AE9883 /* MainNewsImageView.swift in Sources */,
				85A35569275DF90E004F2636 /* LaunchInfo.swift in Sources */,
				8535B43D2705F2AF006311FC /* Megazine.swift in Sources */,
				8547BB1426FB3A8700E051E2 /* Color.swift in Sources */,
				85776C42270377DE00D4CBF1 /* NewsRowView.swift in Sources */,
			);
			runOnlyForDeploymentPostprocessing = 0;
		};
/* End PBXSourcesBuildPhase section */

/* Begin XCBuildConfiguration section */
		8547BB0726FB3A4800E051E2 /* Debug */ = {
			isa = XCBuildConfiguration;
			buildSettings = {
				ALWAYS_SEARCH_USER_PATHS = NO;
				CLANG_ANALYZER_NONNULL = YES;
				CLANG_ANALYZER_NUMBER_OBJECT_CONVERSION = YES_AGGRESSIVE;
				CLANG_CXX_LANGUAGE_STANDARD = "gnu++17";
				CLANG_CXX_LIBRARY = "libc++";
				CLANG_ENABLE_MODULES = YES;
				CLANG_ENABLE_OBJC_ARC = YES;
				CLANG_ENABLE_OBJC_WEAK = YES;
				CLANG_WARN_BLOCK_CAPTURE_AUTORELEASING = YES;
				CLANG_WARN_BOOL_CONVERSION = YES;
				CLANG_WARN_COMMA = YES;
				CLANG_WARN_CONSTANT_CONVERSION = YES;
				CLANG_WARN_DEPRECATED_OBJC_IMPLEMENTATIONS = YES;
				CLANG_WARN_DIRECT_OBJC_ISA_USAGE = YES_ERROR;
				CLANG_WARN_DOCUMENTATION_COMMENTS = YES;
				CLANG_WARN_EMPTY_BODY = YES;
				CLANG_WARN_ENUM_CONVERSION = YES;
				CLANG_WARN_INFINITE_RECURSION = YES;
				CLANG_WARN_INT_CONVERSION = YES;
				CLANG_WARN_NON_LITERAL_NULL_CONVERSION = YES;
				CLANG_WARN_OBJC_IMPLICIT_RETAIN_SELF = YES;
				CLANG_WARN_OBJC_LITERAL_CONVERSION = YES;
				CLANG_WARN_OBJC_ROOT_CLASS = YES_ERROR;
				CLANG_WARN_QUOTED_INCLUDE_IN_FRAMEWORK_HEADER = YES;
				CLANG_WARN_RANGE_LOOP_ANALYSIS = YES;
				CLANG_WARN_STRICT_PROTOTYPES = YES;
				CLANG_WARN_SUSPICIOUS_MOVE = YES;
				CLANG_WARN_UNGUARDED_AVAILABILITY = YES_AGGRESSIVE;
				CLANG_WARN_UNREACHABLE_CODE = YES;
				CLANG_WARN__DUPLICATE_METHOD_MATCH = YES;
				COPY_PHASE_STRIP = NO;
				DEBUG_INFORMATION_FORMAT = dwarf;
				ENABLE_STRICT_OBJC_MSGSEND = YES;
				ENABLE_TESTABILITY = YES;
				GCC_C_LANGUAGE_STANDARD = gnu11;
				GCC_DYNAMIC_NO_PIC = NO;
				GCC_NO_COMMON_BLOCKS = YES;
				GCC_OPTIMIZATION_LEVEL = 0;
				GCC_PREPROCESSOR_DEFINITIONS = (
					"DEBUG=1",
					"$(inherited)",
				);
				GCC_WARN_64_TO_32_BIT_CONVERSION = YES;
				GCC_WARN_ABOUT_RETURN_TYPE = YES_ERROR;
				GCC_WARN_UNDECLARED_SELECTOR = YES;
				GCC_WARN_UNINITIALIZED_AUTOS = YES_AGGRESSIVE;
				GCC_WARN_UNUSED_FUNCTION = YES;
				GCC_WARN_UNUSED_VARIABLE = YES;
				IPHONEOS_DEPLOYMENT_TARGET = 15.0;
				MTL_ENABLE_DEBUG_INFO = INCLUDE_SOURCE;
				MTL_FAST_MATH = YES;
				ONLY_ACTIVE_ARCH = YES;
				SDKROOT = iphoneos;
				SWIFT_ACTIVE_COMPILATION_CONDITIONS = DEBUG;
				SWIFT_OPTIMIZATION_LEVEL = "-Onone";
			};
			name = Debug;
		};
		8547BB0826FB3A4800E051E2 /* Release */ = {
			isa = XCBuildConfiguration;
			buildSettings = {
				ALWAYS_SEARCH_USER_PATHS = NO;
				CLANG_ANALYZER_NONNULL = YES;
				CLANG_ANALYZER_NUMBER_OBJECT_CONVERSION = YES_AGGRESSIVE;
				CLANG_CXX_LANGUAGE_STANDARD = "gnu++17";
				CLANG_CXX_LIBRARY = "libc++";
				CLANG_ENABLE_MODULES = YES;
				CLANG_ENABLE_OBJC_ARC = YES;
				CLANG_ENABLE_OBJC_WEAK = YES;
				CLANG_WARN_BLOCK_CAPTURE_AUTORELEASING = YES;
				CLANG_WARN_BOOL_CONVERSION = YES;
				CLANG_WARN_COMMA = YES;
				CLANG_WARN_CONSTANT_CONVERSION = YES;
				CLANG_WARN_DEPRECATED_OBJC_IMPLEMENTATIONS = YES;
				CLANG_WARN_DIRECT_OBJC_ISA_USAGE = YES_ERROR;
				CLANG_WARN_DOCUMENTATION_COMMENTS = YES;
				CLANG_WARN_EMPTY_BODY = YES;
				CLANG_WARN_ENUM_CONVERSION = YES;
				CLANG_WARN_INFINITE_RECURSION = YES;
				CLANG_WARN_INT_CONVERSION = YES;
				CLANG_WARN_NON_LITERAL_NULL_CONVERSION = YES;
				CLANG_WARN_OBJC_IMPLICIT_RETAIN_SELF = YES;
				CLANG_WARN_OBJC_LITERAL_CONVERSION = YES;
				CLANG_WARN_OBJC_ROOT_CLASS = YES_ERROR;
				CLANG_WARN_QUOTED_INCLUDE_IN_FRAMEWORK_HEADER = YES;
				CLANG_WARN_RANGE_LOOP_ANALYSIS = YES;
				CLANG_WARN_STRICT_PROTOTYPES = YES;
				CLANG_WARN_SUSPICIOUS_MOVE = YES;
				CLANG_WARN_UNGUARDED_AVAILABILITY = YES_AGGRESSIVE;
				CLANG_WARN_UNREACHABLE_CODE = YES;
				CLANG_WARN__DUPLICATE_METHOD_MATCH = YES;
				COPY_PHASE_STRIP = NO;
				DEBUG_INFORMATION_FORMAT = "dwarf-with-dsym";
				ENABLE_NS_ASSERTIONS = NO;
				ENABLE_STRICT_OBJC_MSGSEND = YES;
				GCC_C_LANGUAGE_STANDARD = gnu11;
				GCC_NO_COMMON_BLOCKS = YES;
				GCC_WARN_64_TO_32_BIT_CONVERSION = YES;
				GCC_WARN_ABOUT_RETURN_TYPE = YES_ERROR;
				GCC_WARN_UNDECLARED_SELECTOR = YES;
				GCC_WARN_UNINITIALIZED_AUTOS = YES_AGGRESSIVE;
				GCC_WARN_UNUSED_FUNCTION = YES;
				GCC_WARN_UNUSED_VARIABLE = YES;
				IPHONEOS_DEPLOYMENT_TARGET = 15.0;
				MTL_ENABLE_DEBUG_INFO = NO;
				MTL_FAST_MATH = YES;
				SDKROOT = iphoneos;
				SWIFT_COMPILATION_MODE = wholemodule;
				SWIFT_OPTIMIZATION_LEVEL = "-O";
				VALIDATE_PRODUCT = YES;
			};
			name = Release;
		};
		8547BB0A26FB3A4800E051E2 /* Debug */ = {
			isa = XCBuildConfiguration;
			buildSettings = {
				ASSETCATALOG_COMPILER_APPICON_NAME = AppIcon;
				ASSETCATALOG_COMPILER_GLOBAL_ACCENT_COLOR_NAME = AccentColor;
				CODE_SIGN_STYLE = Automatic;
				CURRENT_PROJECT_VERSION = 1;
				DEVELOPMENT_ASSET_PATHS = "\"ARTIS/Preview Content\"";
				DEVELOPMENT_TEAM = GJZU5NTF98;
				ENABLE_PREVIEWS = YES;
				GENERATE_INFOPLIST_FILE = YES;
				INFOPLIST_KEY_UIApplicationSceneManifest_Generation = YES;
				INFOPLIST_KEY_UIApplicationSupportsIndirectInputEvents = YES;
				INFOPLIST_KEY_UILaunchScreen_Generation = YES;
				INFOPLIST_KEY_UISupportedInterfaceOrientations_iPad = "UIInterfaceOrientationPortrait UIInterfaceOrientationPortraitUpsideDown UIInterfaceOrientationLandscapeLeft UIInterfaceOrientationLandscapeRight";
				INFOPLIST_KEY_UISupportedInterfaceOrientations_iPhone = "UIInterfaceOrientationPortrait UIInterfaceOrientationLandscapeLeft UIInterfaceOrientationLandscapeRight";
				IPHONEOS_DEPLOYMENT_TARGET = 15.0;
				LD_RUNPATH_SEARCH_PATHS = (
					"$(inherited)",
					"@executable_path/Frameworks",
				);
				MARKETING_VERSION = 1.0;
				PRODUCT_BUNDLE_IDENTIFIER = com.yoon.ARTIS;
				PRODUCT_NAME = "$(TARGET_NAME)";
				SWIFT_EMIT_LOC_STRINGS = YES;
				SWIFT_VERSION = 5.0;
				TARGETED_DEVICE_FAMILY = 1;
			};
			name = Debug;
		};
		8547BB0B26FB3A4800E051E2 /* Release */ = {
			isa = XCBuildConfiguration;
			buildSettings = {
				ASSETCATALOG_COMPILER_APPICON_NAME = AppIcon;
				ASSETCATALOG_COMPILER_GLOBAL_ACCENT_COLOR_NAME = AccentColor;
				CODE_SIGN_STYLE = Automatic;
				CURRENT_PROJECT_VERSION = 1;
				DEVELOPMENT_ASSET_PATHS = "\"ARTIS/Preview Content\"";
				DEVELOPMENT_TEAM = GJZU5NTF98;
				ENABLE_PREVIEWS = YES;
				GENERATE_INFOPLIST_FILE = YES;
				INFOPLIST_KEY_UIApplicationSceneManifest_Generation = YES;
				INFOPLIST_KEY_UIApplicationSupportsIndirectInputEvents = YES;
				INFOPLIST_KEY_UILaunchScreen_Generation = YES;
				INFOPLIST_KEY_UISupportedInterfaceOrientations_iPad = "UIInterfaceOrientationPortrait UIInterfaceOrientationPortraitUpsideDown UIInterfaceOrientationLandscapeLeft UIInterfaceOrientationLandscapeRight";
				INFOPLIST_KEY_UISupportedInterfaceOrientations_iPhone = "UIInterfaceOrientationPortrait UIInterfaceOrientationLandscapeLeft UIInterfaceOrientationLandscapeRight";
				IPHONEOS_DEPLOYMENT_TARGET = 15.0;
				LD_RUNPATH_SEARCH_PATHS = (
					"$(inherited)",
					"@executable_path/Frameworks",
				);
				MARKETING_VERSION = 1.0;
				PRODUCT_BUNDLE_IDENTIFIER = com.yoon.ARTIS;
				PRODUCT_NAME = "$(TARGET_NAME)";
				SWIFT_EMIT_LOC_STRINGS = YES;
				SWIFT_VERSION = 5.0;
				TARGETED_DEVICE_FAMILY = 1;
			};
			name = Release;
		};
/* End XCBuildConfiguration section */

/* Begin XCConfigurationList section */
		8547BAF626FB3A4600E051E2 /* Build configuration list for PBXProject "ARTIS" */ = {
			isa = XCConfigurationList;
			buildConfigurations = (
				8547BB0726FB3A4800E051E2 /* Debug */,
				8547BB0826FB3A4800E051E2 /* Release */,
			);
			defaultConfigurationIsVisible = 0;
			defaultConfigurationName = Release;
		};
		8547BB0926FB3A4800E051E2 /* Build configuration list for PBXNativeTarget "ARTIS" */ = {
			isa = XCConfigurationList;
			buildConfigurations = (
				8547BB0A26FB3A4800E051E2 /* Debug */,
				8547BB0B26FB3A4800E051E2 /* Release */,
			);
			defaultConfigurationIsVisible = 0;
			defaultConfigurationName = Release;
		};
/* End XCConfigurationList section */

/* Begin XCRemoteSwiftPackageReference section */
		85DB079827523648001FB6BF /* XCRemoteSwiftPackageReference "firebase-ios-sdk" */ = {
			isa = XCRemoteSwiftPackageReference;
			repositoryURL = "https://github.com/firebase/firebase-ios-sdk";
			requirement = {
				kind = upToNextMajorVersion;
				minimumVersion = 8.0.0;
			};
		};
/* End XCRemoteSwiftPackageReference section */

/* Begin XCSwiftPackageProductDependency section */
		85DB079927523648001FB6BF /* FirebaseAnalytics */ = {
			isa = XCSwiftPackageProductDependency;
			package = 85DB079827523648001FB6BF /* XCRemoteSwiftPackageReference "firebase-ios-sdk" */;
			productName = FirebaseAnalytics;
		};
		85DB079B27523648001FB6BF /* FirebaseAnalyticsSwift-Beta */ = {
			isa = XCSwiftPackageProductDependency;
			package = 85DB079827523648001FB6BF /* XCRemoteSwiftPackageReference "firebase-ios-sdk" */;
			productName = "FirebaseAnalyticsSwift-Beta";
		};
		85DB079D27523648001FB6BF /* FirebaseAnalyticsWithoutAdIdSupport */ = {
			isa = XCSwiftPackageProductDependency;
			package = 85DB079827523648001FB6BF /* XCRemoteSwiftPackageReference "firebase-ios-sdk" */;
			productName = FirebaseAnalyticsWithoutAdIdSupport;
		};
		85DB079F27523648001FB6BF /* FirebaseAppCheck */ = {
			isa = XCSwiftPackageProductDependency;
			package = 85DB079827523648001FB6BF /* XCRemoteSwiftPackageReference "firebase-ios-sdk" */;
			productName = FirebaseAppCheck;
		};
		85DB07A127523648001FB6BF /* FirebaseAppDistribution-Beta */ = {
			isa = XCSwiftPackageProductDependency;
			package = 85DB079827523648001FB6BF /* XCRemoteSwiftPackageReference "firebase-ios-sdk" */;
			productName = "FirebaseAppDistribution-Beta";
		};
		85DB07A327523648001FB6BF /* FirebaseAuth */ = {
			isa = XCSwiftPackageProductDependency;
			package = 85DB079827523648001FB6BF /* XCRemoteSwiftPackageReference "firebase-ios-sdk" */;
			productName = FirebaseAuth;
		};
		85DB07A527523648001FB6BF /* FirebaseAuthCombine-Community */ = {
			isa = XCSwiftPackageProductDependency;
			package = 85DB079827523648001FB6BF /* XCRemoteSwiftPackageReference "firebase-ios-sdk" */;
			productName = "FirebaseAuthCombine-Community";
		};
		85DB07A727523648001FB6BF /* FirebaseCrashlytics */ = {
			isa = XCSwiftPackageProductDependency;
			package = 85DB079827523648001FB6BF /* XCRemoteSwiftPackageReference "firebase-ios-sdk" */;
			productName = FirebaseCrashlytics;
		};
		85DB07A927523648001FB6BF /* FirebaseDatabase */ = {
			isa = XCSwiftPackageProductDependency;
			package = 85DB079827523648001FB6BF /* XCRemoteSwiftPackageReference "firebase-ios-sdk" */;
			productName = FirebaseDatabase;
		};
		85DB07AB27523648001FB6BF /* FirebaseDatabaseSwift-Beta */ = {
			isa = XCSwiftPackageProductDependency;
			package = 85DB079827523648001FB6BF /* XCRemoteSwiftPackageReference "firebase-ios-sdk" */;
			productName = "FirebaseDatabaseSwift-Beta";
		};
		85DB07AD27523648001FB6BF /* FirebaseDynamicLinks */ = {
			isa = XCSwiftPackageProductDependency;
			package = 85DB079827523648001FB6BF /* XCRemoteSwiftPackageReference "firebase-ios-sdk" */;
			productName = FirebaseDynamicLinks;
		};
		85DB07AF27523648001FB6BF /* FirebaseFirestore */ = {
			isa = XCSwiftPackageProductDependency;
			package = 85DB079827523648001FB6BF /* XCRemoteSwiftPackageReference "firebase-ios-sdk" */;
			productName = FirebaseFirestore;
		};
		85DB07B127523648001FB6BF /* FirebaseFirestoreCombine-Community */ = {
			isa = XCSwiftPackageProductDependency;
			package = 85DB079827523648001FB6BF /* XCRemoteSwiftPackageReference "firebase-ios-sdk" */;
			productName = "FirebaseFirestoreCombine-Community";
		};
		85DB07B327523648001FB6BF /* FirebaseFirestoreSwift-Beta */ = {
			isa = XCSwiftPackageProductDependency;
			package = 85DB079827523648001FB6BF /* XCRemoteSwiftPackageReference "firebase-ios-sdk" */;
			productName = "FirebaseFirestoreSwift-Beta";
		};
		85DB07B527523648001FB6BF /* FirebaseFunctions */ = {
			isa = XCSwiftPackageProductDependency;
			package = 85DB079827523648001FB6BF /* XCRemoteSwiftPackageReference "firebase-ios-sdk" */;
			productName = FirebaseFunctions;
		};
		85DB07B727523648001FB6BF /* FirebaseFunctionsCombine-Community */ = {
			isa = XCSwiftPackageProductDependency;
			package = 85DB079827523648001FB6BF /* XCRemoteSwiftPackageReference "firebase-ios-sdk" */;
			productName = "FirebaseFunctionsCombine-Community";
		};
		85DB07B927523648001FB6BF /* FirebaseInAppMessaging-Beta */ = {
			isa = XCSwiftPackageProductDependency;
			package = 85DB079827523648001FB6BF /* XCRemoteSwiftPackageReference "firebase-ios-sdk" */;
			productName = "FirebaseInAppMessaging-Beta";
		};
		85DB07BB27523648001FB6BF /* FirebaseInAppMessagingSwift-Beta */ = {
			isa = XCSwiftPackageProductDependency;
			package = 85DB079827523648001FB6BF /* XCRemoteSwiftPackageReference "firebase-ios-sdk" */;
			productName = "FirebaseInAppMessagingSwift-Beta";
		};
		85DB07BD27523648001FB6BF /* FirebaseInstallations */ = {
			isa = XCSwiftPackageProductDependency;
			package = 85DB079827523648001FB6BF /* XCRemoteSwiftPackageReference "firebase-ios-sdk" */;
			productName = FirebaseInstallations;
		};
		85DB07BF27523648001FB6BF /* FirebaseMLModelDownloader */ = {
			isa = XCSwiftPackageProductDependency;
			package = 85DB079827523648001FB6BF /* XCRemoteSwiftPackageReference "firebase-ios-sdk" */;
			productName = FirebaseMLModelDownloader;
		};
		85DB07C127523648001FB6BF /* FirebaseMessaging */ = {
			isa = XCSwiftPackageProductDependency;
			package = 85DB079827523648001FB6BF /* XCRemoteSwiftPackageReference "firebase-ios-sdk" */;
			productName = FirebaseMessaging;
		};
		85DB07C327523648001FB6BF /* FirebasePerformance */ = {
			isa = XCSwiftPackageProductDependency;
			package = 85DB079827523648001FB6BF /* XCRemoteSwiftPackageReference "firebase-ios-sdk" */;
			productName = FirebasePerformance;
		};
		85DB07C527523649001FB6BF /* FirebaseRemoteConfig */ = {
			isa = XCSwiftPackageProductDependency;
			package = 85DB079827523648001FB6BF /* XCRemoteSwiftPackageReference "firebase-ios-sdk" */;
			productName = FirebaseRemoteConfig;
		};
		85DB07C727523649001FB6BF /* FirebaseStorage */ = {
			isa = XCSwiftPackageProductDependency;
			package = 85DB079827523648001FB6BF /* XCRemoteSwiftPackageReference "firebase-ios-sdk" */;
			productName = FirebaseStorage;
		};
		85DB07C927523649001FB6BF /* FirebaseStorageCombine-Community */ = {
			isa = XCSwiftPackageProductDependency;
			package = 85DB079827523648001FB6BF /* XCRemoteSwiftPackageReference "firebase-ios-sdk" */;
			productName = "FirebaseStorageCombine-Community";
		};
		85DB07CB27523649001FB6BF /* FirebaseStorageSwift-Beta */ = {
			isa = XCSwiftPackageProductDependency;
			package = 85DB079827523648001FB6BF /* XCRemoteSwiftPackageReference "firebase-ios-sdk" */;
			productName = "FirebaseStorageSwift-Beta";
		};
/* End XCSwiftPackageProductDependency section */
	};
	rootObject = 8547BAF326FB3A4600E051E2 /* Project object */;
}
